// !$*UTF8*$!
{
	archiveVersion = 1;
	classes = {
	};
	objectVersion = 46;
	objects = {

/* Begin PBXBuildFile section */
		0207236519F1991800817A02 /* VYBPermissionViewController.xib in Resources */ = {isa = PBXBuildFile; fileRef = 0207236419F1991800817A02 /* VYBPermissionViewController.xib */; };
		020BDABA19FFFF7500B02824 /* VYBAciveButton.m in Sources */ = {isa = PBXBuildFile; fileRef = 020BDAB919FFFF7500B02824 /* VYBAciveButton.m */; };
		020BDABD1A008C7500B02824 /* VYBPortalButton.m in Sources */ = {isa = PBXBuildFile; fileRef = 020BDABC1A008C7500B02824 /* VYBPortalButton.m */; };
		020F1C4B1977054900C3AA40 /* VYBPermissionViewController.m in Sources */ = {isa = PBXBuildFile; fileRef = 020F1C491977054900C3AA40 /* VYBPermissionViewController.m */; };
		020FB84919744EBA005C9BA9 /* VYBCameraView.m in Sources */ = {isa = PBXBuildFile; fileRef = 020FB84819744EBA005C9BA9 /* VYBCameraView.m */; };
		021B5B6A19A7B49100B906F3 /* AVAsset+VideoOrientation.m in Sources */ = {isa = PBXBuildFile; fileRef = 021B5B6919A7B49100B906F3 /* AVAsset+VideoOrientation.m */; };
		0222946D19FF2CE200A2AD62 /* VYBPizzaLayer.m in Sources */ = {isa = PBXBuildFile; fileRef = 0222946C19FF2CE200A2AD62 /* VYBPizzaLayer.m */; };
		0226CBAD194A0339005270D3 /* VYBNavigationController.m in Sources */ = {isa = PBXBuildFile; fileRef = 0226CBAC194A0339005270D3 /* VYBNavigationController.m */; };
		022AC50319AD9757008A9C64 /* VYBCaptureViewController.xib in Resources */ = {isa = PBXBuildFile; fileRef = 022AC50219AD9757008A9C64 /* VYBCaptureViewController.xib */; };
		0237C13719EEF44A00AC6F81 /* DefaultPreferences.plist in Resources */ = {isa = PBXBuildFile; fileRef = 0237C13619EEF44A00AC6F81 /* DefaultPreferences.plist */; };
		023E538D191F142000C3CF78 /* VYBCache.m in Sources */ = {isa = PBXBuildFile; fileRef = 023E538C191F142000C3CF78 /* VYBCache.m */; };
		023F0FCE19AA6BFA0055D3B7 /* UIImage+FixOrientation.m in Sources */ = {isa = PBXBuildFile; fileRef = 023F0FCD19AA6BFA0055D3B7 /* UIImage+FixOrientation.m */; };
		024520C8192FDB5F007B56A1 /* VYBMyVybe.m in Sources */ = {isa = PBXBuildFile; fileRef = 024520C7192FDB5F007B56A1 /* VYBMyVybe.m */; };
		025169AD18FAF955007F34B0 /* VYBLabel.m in Sources */ = {isa = PBXBuildFile; fileRef = 025169AC18FAF955007F34B0 /* VYBLabel.m */; };
		025408E119BA0FD7009C7C71 /* NSArray+PFObject.m in Sources */ = {isa = PBXBuildFile; fileRef = 025408E019BA0FD7009C7C71 /* NSArray+PFObject.m */; };
		025408E419BA10E5009C7C71 /* NSMutableArray+PFObject.m in Sources */ = {isa = PBXBuildFile; fileRef = 025408E319BA10E5009C7C71 /* NSMutableArray+PFObject.m */; };
		025CC90C19D51AF400A1208C /* UINavigationBar+fixedSize.m in Sources */ = {isa = PBXBuildFile; fileRef = 025CC90B19D51AF400A1208C /* UINavigationBar+fixedSize.m */; };
		025CC90F19D5229200A1208C /* UIImage+maskImage.m in Sources */ = {isa = PBXBuildFile; fileRef = 025CC90E19D5229200A1208C /* UIImage+maskImage.m */; };
		025DE65B18CB16E30054F739 /* VYBConstants.m in Sources */ = {isa = PBXBuildFile; fileRef = 025DE65A18CB16E30054F739 /* VYBConstants.m */; };
		025EDB2518F65E45008B0CB2 /* VYBAnimator.m in Sources */ = {isa = PBXBuildFile; fileRef = 025EDB2418F65E45008B0CB2 /* VYBAnimator.m */; };
		0262054419A67B3600E994F9 /* UINavigationController+Autorotate.m in Sources */ = {isa = PBXBuildFile; fileRef = 0262054319A67B3600E994F9 /* UINavigationController+Autorotate.m */; };
		026216BE19EA470600EC6544 /* VYBVybe.m in Sources */ = {isa = PBXBuildFile; fileRef = 026216BD19EA470600EC6544 /* VYBVybe.m */; };
		026385EE197972BA00B377EC /* VYBSignUpViewController.m in Sources */ = {isa = PBXBuildFile; fileRef = 026385EC197972BA00B377EC /* VYBSignUpViewController.m */; };
		026385EF197972BA00B377EC /* VYBSignUpViewController.xib in Resources */ = {isa = PBXBuildFile; fileRef = 026385ED197972BA00B377EC /* VYBSignUpViewController.xib */; };
		0266802819F15CB000030836 /* VYBPlayerControlViewController.m in Sources */ = {isa = PBXBuildFile; fileRef = 0266802619F15CB000030836 /* VYBPlayerControlViewController.m */; };
		0266802919F15CB000030836 /* VYBPlayerControlViewController.xib in Resources */ = {isa = PBXBuildFile; fileRef = 0266802719F15CB000030836 /* VYBPlayerControlViewController.xib */; };
		0275087C19252D5C00B070EE /* VYBUtility.m in Sources */ = {isa = PBXBuildFile; fileRef = 0275087B19252D5C00B070EE /* VYBUtility.m */; };
		0276D13C19590CDF007292B0 /* VYBPageViewController.m in Sources */ = {isa = PBXBuildFile; fileRef = 0276D13B19590CDF007292B0 /* VYBPageViewController.m */; };
		027DE0EF19E7484200F5F4C0 /* VYBCaptureRecorder.m in Sources */ = {isa = PBXBuildFile; fileRef = 027DE0EE19E7484200F5F4C0 /* VYBCaptureRecorder.m */; };
		0288603E19E4A02A007876AE /* VYBCapturePipeline.m in Sources */ = {isa = PBXBuildFile; fileRef = 0288603D19E4A02A007876AE /* VYBCapturePipeline.m */; };
		0293877D1969C1D200F41A12 /* VYBCaptureButton.m in Sources */ = {isa = PBXBuildFile; fileRef = 0293877C1969C1D200F41A12 /* VYBCaptureButton.m */; };
		02C7A02719F580FC0065BF4E /* VYBFirstPageViewController.swift in Sources */ = {isa = PBXBuildFile; fileRef = 02C7A02519F580FC0065BF4E /* VYBFirstPageViewController.swift */; };
		02C7A02819F580FC0065BF4E /* VYBFirstPageViewController.xib in Resources */ = {isa = PBXBuildFile; fileRef = 02C7A02619F580FC0065BF4E /* VYBFirstPageViewController.xib */; };
		02CEE2AD1970A46A00AC361F /* VYBTimerView.m in Sources */ = {isa = PBXBuildFile; fileRef = 02CEE2AC1970A46A00AC361F /* VYBTimerView.m */; };
		02CEE2B01970C2F900AC361F /* VYBReplayViewController.m in Sources */ = {isa = PBXBuildFile; fileRef = 02CEE2AF1970C2F900AC361F /* VYBReplayViewController.m */; };
		02D11D0518DF62AC0018DA97 /* Montreal-Bold.otf in Resources */ = {isa = PBXBuildFile; fileRef = 02D11CF718DF62AC0018DA97 /* Montreal-Bold.otf */; };
		02D11D0618DF62AC0018DA97 /* Montreal-BoldIta.otf in Resources */ = {isa = PBXBuildFile; fileRef = 02D11CF818DF62AC0018DA97 /* Montreal-BoldIta.otf */; };
		02D11D0718DF62AC0018DA97 /* Montreal-DemiBold.otf in Resources */ = {isa = PBXBuildFile; fileRef = 02D11CF918DF62AC0018DA97 /* Montreal-DemiBold.otf */; };
		02D11D0818DF62AC0018DA97 /* Montreal-DemiBoldIta.otf in Resources */ = {isa = PBXBuildFile; fileRef = 02D11CFA18DF62AC0018DA97 /* Montreal-DemiBoldIta.otf */; };
		02D11D0918DF62AC0018DA97 /* Montreal-Heavy.otf in Resources */ = {isa = PBXBuildFile; fileRef = 02D11CFB18DF62AC0018DA97 /* Montreal-Heavy.otf */; };
		02D11D0A18DF62AC0018DA97 /* Montreal-HeavyIta.otf in Resources */ = {isa = PBXBuildFile; fileRef = 02D11CFC18DF62AC0018DA97 /* Montreal-HeavyIta.otf */; };
		02D11D0B18DF62AC0018DA97 /* Montreal-Light.otf in Resources */ = {isa = PBXBuildFile; fileRef = 02D11CFD18DF62AC0018DA97 /* Montreal-Light.otf */; };
		02D11D0C18DF62AC0018DA97 /* Montreal-LightIta.otf in Resources */ = {isa = PBXBuildFile; fileRef = 02D11CFE18DF62AC0018DA97 /* Montreal-LightIta.otf */; };
		02D11D0D18DF62AC0018DA97 /* Montreal-Medium.otf in Resources */ = {isa = PBXBuildFile; fileRef = 02D11CFF18DF62AC0018DA97 /* Montreal-Medium.otf */; };
		02D11D0E18DF62AC0018DA97 /* Montreal-MediumIta.otf in Resources */ = {isa = PBXBuildFile; fileRef = 02D11D0018DF62AC0018DA97 /* Montreal-MediumIta.otf */; };
		02D11D0F18DF62AC0018DA97 /* Montreal-Regular.otf in Resources */ = {isa = PBXBuildFile; fileRef = 02D11D0118DF62AC0018DA97 /* Montreal-Regular.otf */; };
		02D11D1018DF62AC0018DA97 /* Montreal-RegularIta.otf in Resources */ = {isa = PBXBuildFile; fileRef = 02D11D0218DF62AC0018DA97 /* Montreal-RegularIta.otf */; };
		02D11D1118DF62AC0018DA97 /* Montreal-Xlight.otf in Resources */ = {isa = PBXBuildFile; fileRef = 02D11D0318DF62AC0018DA97 /* Montreal-Xlight.otf */; };
		02D11D1218DF62AC0018DA97 /* Montreal-XlightIta.otf in Resources */ = {isa = PBXBuildFile; fileRef = 02D11D0418DF62AC0018DA97 /* Montreal-XlightIta.otf */; };
		02D255E11992A4DE0053B89F /* MapKit.framework in Frameworks */ = {isa = PBXBuildFile; fileRef = 02D255E01992A4DE0053B89F /* MapKit.framework */; };
		02E4556A1989727200B22554 /* VYBLogInViewController.m in Sources */ = {isa = PBXBuildFile; fileRef = 02E455681989727200B22554 /* VYBLogInViewController.m */; };
		02E4556B1989727200B22554 /* VYBLogInViewController.xib in Resources */ = {isa = PBXBuildFile; fileRef = 02E455691989727200B22554 /* VYBLogInViewController.xib */; };
		02E943B219C916C50057E8EE /* VYBReplayViewController.xib in Resources */ = {isa = PBXBuildFile; fileRef = 02E943B119C916C50057E8EE /* VYBReplayViewController.xib */; };
		02F36B2C1986F5A200B7D842 /* VYBUserStore.m in Sources */ = {isa = PBXBuildFile; fileRef = 02F36B2B1986F5A200B7D842 /* VYBUserStore.m */; };
		02F36B2F1986F62800B7D842 /* VYBUser.m in Sources */ = {isa = PBXBuildFile; fileRef = 02F36B2E1986F62800B7D842 /* VYBUser.m */; };
		02F5B1F119D32594008C42C3 /* VYBDynamicSizeView.m in Sources */ = {isa = PBXBuildFile; fileRef = 02F5B1F019D32594008C42C3 /* VYBDynamicSizeView.m */; };
		02F80C46196F600300FB2A48 /* AvenirLTStd-Book.otf in Resources */ = {isa = PBXBuildFile; fileRef = 02F80C45196F600300FB2A48 /* AvenirLTStd-Book.otf */; };
		604B628718B495BB00D3EF19 /* InfoPlist.strings in Resources */ = {isa = PBXBuildFile; fileRef = 604B628518B495BB00D3EF19 /* InfoPlist.strings */; };
		604B628918B495BB00D3EF19 /* main.m in Sources */ = {isa = PBXBuildFile; fileRef = 604B628818B495BB00D3EF19 /* main.m */; };
		604B628D18B495BB00D3EF19 /* VYBAppDelegate.m in Sources */ = {isa = PBXBuildFile; fileRef = 604B628C18B495BB00D3EF19 /* VYBAppDelegate.m */; };
		604B628F18B495BB00D3EF19 /* Images.xcassets in Resources */ = {isa = PBXBuildFile; fileRef = 604B628E18B495BB00D3EF19 /* Images.xcassets */; };
		6061246E18B7862F00B0A14E /* VYBCaptureViewController.m in Sources */ = {isa = PBXBuildFile; fileRef = 6061246C18B7862F00B0A14E /* VYBCaptureViewController.m */; };
		607CA69A18C5C80C0060B420 /* VYBPlayerView.m in Sources */ = {isa = PBXBuildFile; fileRef = 607CA69918C5C80C0060B420 /* VYBPlayerView.m */; };
		60F1BBB918BAAFA900070EEC /* VYBMyVybeStore.m in Sources */ = {isa = PBXBuildFile; fileRef = 60F1BBB818BAAFA900070EEC /* VYBMyVybeStore.m */; };
		876FD1CBA2104ACB85FFFB93 /* libPods.a in Frameworks */ = {isa = PBXBuildFile; fileRef = 9D4D61F35BF543039A00CFD0 /* libPods.a */; };
		88063E6819F22F1E00C90A2D /* Activity.storyboard in Resources */ = {isa = PBXBuildFile; fileRef = 88063E6719F22F1E00C90A2D /* Activity.storyboard */; };
		88366AAD19F10CB60093B148 /* VYBWelcomeViewController.m in Sources */ = {isa = PBXBuildFile; fileRef = 88366AAC19F10CB60093B148 /* VYBWelcomeViewController.m */; };
		8861F0D019A81C8C000249DB /* NSString+Username.m in Sources */ = {isa = PBXBuildFile; fileRef = 8861F0CF19A81C8C000249DB /* NSString+Username.m */; };
		8861F0D319A81E08000249DB /* NSString+Email.m in Sources */ = {isa = PBXBuildFile; fileRef = 8861F0D219A81E08000249DB /* NSString+Email.m */; };
		88828D9B19344AEB005CB06C /* Reachability.m in Sources */ = {isa = PBXBuildFile; fileRef = 88828D9A19344AEB005CB06C /* Reachability.m */; };
		8887DA0E19F50774007BCC53 /* VYBVybeTableViewCell.m in Sources */ = {isa = PBXBuildFile; fileRef = 8887DA0D19F50774007BCC53 /* VYBVybeTableViewCell.m */; };
		888F1FE719B2740B00546643 /* ProximaNovaSoft-Bold.otf in Resources */ = {isa = PBXBuildFile; fileRef = 888F1FE419B2740B00546643 /* ProximaNovaSoft-Bold.otf */; };
		888F1FE819B2740B00546643 /* ProximaNovaSoft-Regular.otf in Resources */ = {isa = PBXBuildFile; fileRef = 888F1FE519B2740B00546643 /* ProximaNovaSoft-Regular.otf */; };
		888F1FE919B2740B00546643 /* ProximaNovaSoft-Semibold.otf in Resources */ = {isa = PBXBuildFile; fileRef = 888F1FE619B2740B00546643 /* ProximaNovaSoft-Semibold.otf */; };
		88F72A141914C721007C7370 /* AnimatedTransitioning.m in Sources */ = {isa = PBXBuildFile; fileRef = 88F72A111914C721007C7370 /* AnimatedTransitioning.m */; };
		88F72A151914C721007C7370 /* TransitionDelegate.m in Sources */ = {isa = PBXBuildFile; fileRef = 88F72A131914C721007C7370 /* TransitionDelegate.m */; };
		88FF430519AFFCEB00D18872 /* VYBActivityTableViewController.m in Sources */ = {isa = PBXBuildFile; fileRef = 88FF430419AFFCEB00D18872 /* VYBActivityTableViewController.m */; };
/* End PBXBuildFile section */

/* Begin PBXFileReference section */
		0207236419F1991800817A02 /* VYBPermissionViewController.xib */ = {isa = PBXFileReference; fileEncoding = 4; lastKnownFileType = file.xib; path = VYBPermissionViewController.xib; sourceTree = "<group>"; };
		020BDAB819FFFF7500B02824 /* VYBActiveButton.h */ = {isa = PBXFileReference; fileEncoding = 4; lastKnownFileType = sourcecode.c.h; path = VYBActiveButton.h; sourceTree = "<group>"; };
		020BDAB919FFFF7500B02824 /* VYBAciveButton.m */ = {isa = PBXFileReference; fileEncoding = 4; lastKnownFileType = sourcecode.c.objc; path = VYBAciveButton.m; sourceTree = "<group>"; };
		020BDABB1A008C7500B02824 /* VYBPortalButton.h */ = {isa = PBXFileReference; fileEncoding = 4; lastKnownFileType = sourcecode.c.h; path = VYBPortalButton.h; sourceTree = "<group>"; };
		020BDABC1A008C7500B02824 /* VYBPortalButton.m */ = {isa = PBXFileReference; fileEncoding = 4; lastKnownFileType = sourcecode.c.objc; path = VYBPortalButton.m; sourceTree = "<group>"; };
		020F1C481977054900C3AA40 /* VYBPermissionViewController.h */ = {isa = PBXFileReference; fileEncoding = 4; lastKnownFileType = sourcecode.c.h; path = VYBPermissionViewController.h; sourceTree = "<group>"; };
		020F1C491977054900C3AA40 /* VYBPermissionViewController.m */ = {isa = PBXFileReference; fileEncoding = 4; lastKnownFileType = sourcecode.c.objc; path = VYBPermissionViewController.m; sourceTree = "<group>"; };
		020FB84719744EBA005C9BA9 /* VYBCameraView.h */ = {isa = PBXFileReference; fileEncoding = 4; lastKnownFileType = sourcecode.c.h; path = VYBCameraView.h; sourceTree = "<group>"; };
		020FB84819744EBA005C9BA9 /* VYBCameraView.m */ = {isa = PBXFileReference; fileEncoding = 4; lastKnownFileType = sourcecode.c.objc; path = VYBCameraView.m; sourceTree = "<group>"; };
		021B5B6819A7B49100B906F3 /* AVAsset+VideoOrientation.h */ = {isa = PBXFileReference; fileEncoding = 4; lastKnownFileType = sourcecode.c.h; path = "AVAsset+VideoOrientation.h"; sourceTree = "<group>"; };
		021B5B6919A7B49100B906F3 /* AVAsset+VideoOrientation.m */ = {isa = PBXFileReference; fileEncoding = 4; lastKnownFileType = sourcecode.c.objc; path = "AVAsset+VideoOrientation.m"; sourceTree = "<group>"; };
		021B5B6B19A7D0E300B906F3 /* VYBVybeTableViewCell.h */ = {isa = PBXFileReference; fileEncoding = 4; lastKnownFileType = sourcecode.c.h; path = VYBVybeTableViewCell.h; sourceTree = "<group>"; };
		0222946B19FF2CE200A2AD62 /* VYBPizzaLayer.h */ = {isa = PBXFileReference; fileEncoding = 4; lastKnownFileType = sourcecode.c.h; path = VYBPizzaLayer.h; sourceTree = "<group>"; };
		0222946C19FF2CE200A2AD62 /* VYBPizzaLayer.m */ = {isa = PBXFileReference; fileEncoding = 4; lastKnownFileType = sourcecode.c.objc; path = VYBPizzaLayer.m; sourceTree = "<group>"; };
		0226CBAB194A0339005270D3 /* VYBNavigationController.h */ = {isa = PBXFileReference; fileEncoding = 4; lastKnownFileType = sourcecode.c.h; path = VYBNavigationController.h; sourceTree = "<group>"; };
		0226CBAC194A0339005270D3 /* VYBNavigationController.m */ = {isa = PBXFileReference; fileEncoding = 4; lastKnownFileType = sourcecode.c.objc; path = VYBNavigationController.m; sourceTree = "<group>"; };
		022AC50219AD9757008A9C64 /* VYBCaptureViewController.xib */ = {isa = PBXFileReference; fileEncoding = 4; lastKnownFileType = file.xib; path = VYBCaptureViewController.xib; sourceTree = "<group>"; };
		0237C13619EEF44A00AC6F81 /* DefaultPreferences.plist */ = {isa = PBXFileReference; fileEncoding = 4; lastKnownFileType = text.plist.xml; path = DefaultPreferences.plist; sourceTree = "<group>"; };
		023E538B191F142000C3CF78 /* VYBCache.h */ = {isa = PBXFileReference; fileEncoding = 4; lastKnownFileType = sourcecode.c.h; path = VYBCache.h; sourceTree = "<group>"; };
		023E538C191F142000C3CF78 /* VYBCache.m */ = {isa = PBXFileReference; fileEncoding = 4; lastKnownFileType = sourcecode.c.objc; path = VYBCache.m; sourceTree = "<group>"; };
		023F0FCC19AA6BFA0055D3B7 /* UIImage+FixOrientation.h */ = {isa = PBXFileReference; fileEncoding = 4; lastKnownFileType = sourcecode.c.h; path = "UIImage+FixOrientation.h"; sourceTree = "<group>"; };
		023F0FCD19AA6BFA0055D3B7 /* UIImage+FixOrientation.m */ = {isa = PBXFileReference; fileEncoding = 4; lastKnownFileType = sourcecode.c.objc; path = "UIImage+FixOrientation.m"; sourceTree = "<group>"; };
		024520C6192FDB5F007B56A1 /* VYBMyVybe.h */ = {isa = PBXFileReference; fileEncoding = 4; lastKnownFileType = sourcecode.c.h; path = VYBMyVybe.h; sourceTree = "<group>"; };
		024520C7192FDB5F007B56A1 /* VYBMyVybe.m */ = {isa = PBXFileReference; fileEncoding = 4; lastKnownFileType = sourcecode.c.objc; path = VYBMyVybe.m; sourceTree = "<group>"; };
		025169AB18FAF955007F34B0 /* VYBLabel.h */ = {isa = PBXFileReference; fileEncoding = 4; lastKnownFileType = sourcecode.c.h; path = VYBLabel.h; sourceTree = "<group>"; };
		025169AC18FAF955007F34B0 /* VYBLabel.m */ = {isa = PBXFileReference; fileEncoding = 4; lastKnownFileType = sourcecode.c.objc; path = VYBLabel.m; sourceTree = "<group>"; };
		025408DF19BA0FD7009C7C71 /* NSArray+PFObject.h */ = {isa = PBXFileReference; fileEncoding = 4; lastKnownFileType = sourcecode.c.h; path = "NSArray+PFObject.h"; sourceTree = "<group>"; };
		025408E019BA0FD7009C7C71 /* NSArray+PFObject.m */ = {isa = PBXFileReference; fileEncoding = 4; lastKnownFileType = sourcecode.c.objc; path = "NSArray+PFObject.m"; sourceTree = "<group>"; };
		025408E219BA10E5009C7C71 /* NSMutableArray+PFObject.h */ = {isa = PBXFileReference; fileEncoding = 4; lastKnownFileType = sourcecode.c.h; path = "NSMutableArray+PFObject.h"; sourceTree = "<group>"; };
		025408E319BA10E5009C7C71 /* NSMutableArray+PFObject.m */ = {isa = PBXFileReference; fileEncoding = 4; lastKnownFileType = sourcecode.c.objc; path = "NSMutableArray+PFObject.m"; sourceTree = "<group>"; };
		025CC90A19D51AF400A1208C /* UINavigationBar+fixedSize.h */ = {isa = PBXFileReference; fileEncoding = 4; lastKnownFileType = sourcecode.c.h; path = "UINavigationBar+fixedSize.h"; sourceTree = "<group>"; };
		025CC90B19D51AF400A1208C /* UINavigationBar+fixedSize.m */ = {isa = PBXFileReference; fileEncoding = 4; lastKnownFileType = sourcecode.c.objc; path = "UINavigationBar+fixedSize.m"; sourceTree = "<group>"; };
		025CC90D19D5229200A1208C /* UIImage+maskImage.h */ = {isa = PBXFileReference; fileEncoding = 4; lastKnownFileType = sourcecode.c.h; path = "UIImage+maskImage.h"; sourceTree = "<group>"; };
		025CC90E19D5229200A1208C /* UIImage+maskImage.m */ = {isa = PBXFileReference; fileEncoding = 4; lastKnownFileType = sourcecode.c.objc; path = "UIImage+maskImage.m"; sourceTree = "<group>"; };
		025DE65918CB16E30054F739 /* VYBConstants.h */ = {isa = PBXFileReference; fileEncoding = 4; lastKnownFileType = sourcecode.c.h; path = VYBConstants.h; sourceTree = "<group>"; };
		025DE65A18CB16E30054F739 /* VYBConstants.m */ = {isa = PBXFileReference; fileEncoding = 4; lastKnownFileType = sourcecode.c.objc; path = VYBConstants.m; sourceTree = "<group>"; };
		025EDB2318F65E45008B0CB2 /* VYBAnimator.h */ = {isa = PBXFileReference; fileEncoding = 4; lastKnownFileType = sourcecode.c.h; path = VYBAnimator.h; sourceTree = "<group>"; };
		025EDB2418F65E45008B0CB2 /* VYBAnimator.m */ = {isa = PBXFileReference; fileEncoding = 4; lastKnownFileType = sourcecode.c.objc; path = VYBAnimator.m; sourceTree = "<group>"; };
		0262054219A67B3600E994F9 /* UINavigationController+Autorotate.h */ = {isa = PBXFileReference; fileEncoding = 4; lastKnownFileType = sourcecode.c.h; path = "UINavigationController+Autorotate.h"; sourceTree = "<group>"; };
		0262054319A67B3600E994F9 /* UINavigationController+Autorotate.m */ = {isa = PBXFileReference; fileEncoding = 4; lastKnownFileType = sourcecode.c.objc; path = "UINavigationController+Autorotate.m"; sourceTree = "<group>"; };
		026216B919EA43DE00EC6544 /* VybeTen-Bridging-Header.h */ = {isa = PBXFileReference; lastKnownFileType = sourcecode.c.h; path = "VybeTen-Bridging-Header.h"; sourceTree = "<group>"; };
		026216BC19EA470600EC6544 /* VYBVybe.h */ = {isa = PBXFileReference; fileEncoding = 4; lastKnownFileType = sourcecode.c.h; path = VYBVybe.h; sourceTree = "<group>"; };
		026216BD19EA470600EC6544 /* VYBVybe.m */ = {isa = PBXFileReference; fileEncoding = 4; lastKnownFileType = sourcecode.c.objc; path = VYBVybe.m; sourceTree = "<group>"; };
		026385EB197972BA00B377EC /* VYBSignUpViewController.h */ = {isa = PBXFileReference; fileEncoding = 4; lastKnownFileType = sourcecode.c.h; path = VYBSignUpViewController.h; sourceTree = "<group>"; };
		026385EC197972BA00B377EC /* VYBSignUpViewController.m */ = {isa = PBXFileReference; fileEncoding = 4; lastKnownFileType = sourcecode.c.objc; path = VYBSignUpViewController.m; sourceTree = "<group>"; };
		026385ED197972BA00B377EC /* VYBSignUpViewController.xib */ = {isa = PBXFileReference; fileEncoding = 4; lastKnownFileType = file.xib; path = VYBSignUpViewController.xib; sourceTree = "<group>"; };
		0266802519F15CB000030836 /* VYBPlayerControlViewController.h */ = {isa = PBXFileReference; fileEncoding = 4; lastKnownFileType = sourcecode.c.h; path = VYBPlayerControlViewController.h; sourceTree = "<group>"; };
		0266802619F15CB000030836 /* VYBPlayerControlViewController.m */ = {isa = PBXFileReference; fileEncoding = 4; lastKnownFileType = sourcecode.c.objc; path = VYBPlayerControlViewController.m; sourceTree = "<group>"; };
		0266802719F15CB000030836 /* VYBPlayerControlViewController.xib */ = {isa = PBXFileReference; fileEncoding = 4; lastKnownFileType = file.xib; path = VYBPlayerControlViewController.xib; sourceTree = "<group>"; };
		0275087A19252D5C00B070EE /* VYBUtility.h */ = {isa = PBXFileReference; fileEncoding = 4; lastKnownFileType = sourcecode.c.h; path = VYBUtility.h; sourceTree = "<group>"; };
		0275087B19252D5C00B070EE /* VYBUtility.m */ = {isa = PBXFileReference; fileEncoding = 4; lastKnownFileType = sourcecode.c.objc; path = VYBUtility.m; sourceTree = "<group>"; };
		0276D13A19590CDE007292B0 /* VYBPageViewController.h */ = {isa = PBXFileReference; fileEncoding = 4; lastKnownFileType = sourcecode.c.h; path = VYBPageViewController.h; sourceTree = "<group>"; };
		0276D13B19590CDF007292B0 /* VYBPageViewController.m */ = {isa = PBXFileReference; fileEncoding = 4; lastKnownFileType = sourcecode.c.objc; path = VYBPageViewController.m; sourceTree = "<group>"; };
		027DE0ED19E7484200F5F4C0 /* VYBCaptureRecorder.h */ = {isa = PBXFileReference; fileEncoding = 4; lastKnownFileType = sourcecode.c.h; path = VYBCaptureRecorder.h; sourceTree = "<group>"; };
		027DE0EE19E7484200F5F4C0 /* VYBCaptureRecorder.m */ = {isa = PBXFileReference; fileEncoding = 4; lastKnownFileType = sourcecode.c.objc; path = VYBCaptureRecorder.m; sourceTree = "<group>"; };
		0288603C19E4A02A007876AE /* VYBCapturePipeline.h */ = {isa = PBXFileReference; fileEncoding = 4; lastKnownFileType = sourcecode.c.h; path = VYBCapturePipeline.h; sourceTree = "<group>"; };
		0288603D19E4A02A007876AE /* VYBCapturePipeline.m */ = {isa = PBXFileReference; fileEncoding = 4; lastKnownFileType = sourcecode.c.objc; path = VYBCapturePipeline.m; sourceTree = "<group>"; };
		0293877B1969C1D200F41A12 /* VYBCaptureButton.h */ = {isa = PBXFileReference; fileEncoding = 4; lastKnownFileType = sourcecode.c.h; path = VYBCaptureButton.h; sourceTree = "<group>"; };
		0293877C1969C1D200F41A12 /* VYBCaptureButton.m */ = {isa = PBXFileReference; fileEncoding = 4; lastKnownFileType = sourcecode.c.objc; path = VYBCaptureButton.m; sourceTree = "<group>"; };
		02C7A02519F580FC0065BF4E /* VYBFirstPageViewController.swift */ = {isa = PBXFileReference; fileEncoding = 4; lastKnownFileType = sourcecode.swift; path = VYBFirstPageViewController.swift; sourceTree = "<group>"; };
		02C7A02619F580FC0065BF4E /* VYBFirstPageViewController.xib */ = {isa = PBXFileReference; fileEncoding = 4; lastKnownFileType = file.xib; path = VYBFirstPageViewController.xib; sourceTree = "<group>"; };
		02CEE2AB1970A46A00AC361F /* VYBTimerView.h */ = {isa = PBXFileReference; fileEncoding = 4; lastKnownFileType = sourcecode.c.h; path = VYBTimerView.h; sourceTree = "<group>"; };
		02CEE2AC1970A46A00AC361F /* VYBTimerView.m */ = {isa = PBXFileReference; fileEncoding = 4; lastKnownFileType = sourcecode.c.objc; path = VYBTimerView.m; sourceTree = "<group>"; };
		02CEE2AE1970C2F900AC361F /* VYBReplayViewController.h */ = {isa = PBXFileReference; fileEncoding = 4; lastKnownFileType = sourcecode.c.h; path = VYBReplayViewController.h; sourceTree = "<group>"; };
		02CEE2AF1970C2F900AC361F /* VYBReplayViewController.m */ = {isa = PBXFileReference; fileEncoding = 4; lastKnownFileType = sourcecode.c.objc; path = VYBReplayViewController.m; sourceTree = "<group>"; };
		02D11CF718DF62AC0018DA97 /* Montreal-Bold.otf */ = {isa = PBXFileReference; lastKnownFileType = file; path = "Montreal-Bold.otf"; sourceTree = "<group>"; };
		02D11CF818DF62AC0018DA97 /* Montreal-BoldIta.otf */ = {isa = PBXFileReference; lastKnownFileType = file; path = "Montreal-BoldIta.otf"; sourceTree = "<group>"; };
		02D11CF918DF62AC0018DA97 /* Montreal-DemiBold.otf */ = {isa = PBXFileReference; lastKnownFileType = file; path = "Montreal-DemiBold.otf"; sourceTree = "<group>"; };
		02D11CFA18DF62AC0018DA97 /* Montreal-DemiBoldIta.otf */ = {isa = PBXFileReference; lastKnownFileType = file; path = "Montreal-DemiBoldIta.otf"; sourceTree = "<group>"; };
		02D11CFB18DF62AC0018DA97 /* Montreal-Heavy.otf */ = {isa = PBXFileReference; lastKnownFileType = file; path = "Montreal-Heavy.otf"; sourceTree = "<group>"; };
		02D11CFC18DF62AC0018DA97 /* Montreal-HeavyIta.otf */ = {isa = PBXFileReference; lastKnownFileType = file; path = "Montreal-HeavyIta.otf"; sourceTree = "<group>"; };
		02D11CFD18DF62AC0018DA97 /* Montreal-Light.otf */ = {isa = PBXFileReference; lastKnownFileType = file; path = "Montreal-Light.otf"; sourceTree = "<group>"; };
		02D11CFE18DF62AC0018DA97 /* Montreal-LightIta.otf */ = {isa = PBXFileReference; lastKnownFileType = file; path = "Montreal-LightIta.otf"; sourceTree = "<group>"; };
		02D11CFF18DF62AC0018DA97 /* Montreal-Medium.otf */ = {isa = PBXFileReference; lastKnownFileType = file; path = "Montreal-Medium.otf"; sourceTree = "<group>"; };
		02D11D0018DF62AC0018DA97 /* Montreal-MediumIta.otf */ = {isa = PBXFileReference; lastKnownFileType = file; path = "Montreal-MediumIta.otf"; sourceTree = "<group>"; };
		02D11D0118DF62AC0018DA97 /* Montreal-Regular.otf */ = {isa = PBXFileReference; lastKnownFileType = file; path = "Montreal-Regular.otf"; sourceTree = "<group>"; };
		02D11D0218DF62AC0018DA97 /* Montreal-RegularIta.otf */ = {isa = PBXFileReference; lastKnownFileType = file; path = "Montreal-RegularIta.otf"; sourceTree = "<group>"; };
		02D11D0318DF62AC0018DA97 /* Montreal-Xlight.otf */ = {isa = PBXFileReference; lastKnownFileType = file; path = "Montreal-Xlight.otf"; sourceTree = "<group>"; };
		02D11D0418DF62AC0018DA97 /* Montreal-XlightIta.otf */ = {isa = PBXFileReference; lastKnownFileType = file; path = "Montreal-XlightIta.otf"; sourceTree = "<group>"; };
		02D255E01992A4DE0053B89F /* MapKit.framework */ = {isa = PBXFileReference; lastKnownFileType = wrapper.framework; name = MapKit.framework; path = System/Library/Frameworks/MapKit.framework; sourceTree = SDKROOT; };
		02E455671989727200B22554 /* VYBLogInViewController.h */ = {isa = PBXFileReference; fileEncoding = 4; lastKnownFileType = sourcecode.c.h; path = VYBLogInViewController.h; sourceTree = "<group>"; };
		02E455681989727200B22554 /* VYBLogInViewController.m */ = {isa = PBXFileReference; fileEncoding = 4; lastKnownFileType = sourcecode.c.objc; path = VYBLogInViewController.m; sourceTree = "<group>"; };
		02E455691989727200B22554 /* VYBLogInViewController.xib */ = {isa = PBXFileReference; fileEncoding = 4; lastKnownFileType = file.xib; path = VYBLogInViewController.xib; sourceTree = "<group>"; };
		02E943B119C916C50057E8EE /* VYBReplayViewController.xib */ = {isa = PBXFileReference; fileEncoding = 4; lastKnownFileType = file.xib; path = VYBReplayViewController.xib; sourceTree = "<group>"; };
		02F36B2A1986F5A200B7D842 /* VYBUserStore.h */ = {isa = PBXFileReference; fileEncoding = 4; lastKnownFileType = sourcecode.c.h; path = VYBUserStore.h; sourceTree = "<group>"; };
		02F36B2B1986F5A200B7D842 /* VYBUserStore.m */ = {isa = PBXFileReference; fileEncoding = 4; lastKnownFileType = sourcecode.c.objc; path = VYBUserStore.m; sourceTree = "<group>"; };
		02F36B2D1986F62800B7D842 /* VYBUser.h */ = {isa = PBXFileReference; fileEncoding = 4; lastKnownFileType = sourcecode.c.h; path = VYBUser.h; sourceTree = "<group>"; };
		02F36B2E1986F62800B7D842 /* VYBUser.m */ = {isa = PBXFileReference; fileEncoding = 4; lastKnownFileType = sourcecode.c.objc; path = VYBUser.m; sourceTree = "<group>"; };
		02F5B1EF19D32594008C42C3 /* VYBDynamicSizeView.h */ = {isa = PBXFileReference; fileEncoding = 4; lastKnownFileType = sourcecode.c.h; path = VYBDynamicSizeView.h; sourceTree = "<group>"; };
		02F5B1F019D32594008C42C3 /* VYBDynamicSizeView.m */ = {isa = PBXFileReference; fileEncoding = 4; lastKnownFileType = sourcecode.c.objc; path = VYBDynamicSizeView.m; sourceTree = "<group>"; };
		02F80C45196F600300FB2A48 /* AvenirLTStd-Book.otf */ = {isa = PBXFileReference; lastKnownFileType = file; path = "AvenirLTStd-Book.otf"; sourceTree = "<group>"; };
		604B627918B495BB00D3EF19 /* VybeTen.app */ = {isa = PBXFileReference; explicitFileType = wrapper.application; includeInIndex = 0; path = VybeTen.app; sourceTree = BUILT_PRODUCTS_DIR; };
		604B628418B495BB00D3EF19 /* VybeTen-Info.plist */ = {isa = PBXFileReference; lastKnownFileType = text.plist.xml; path = "VybeTen-Info.plist"; sourceTree = "<group>"; };
		604B628618B495BB00D3EF19 /* en */ = {isa = PBXFileReference; lastKnownFileType = text.plist.strings; name = en; path = en.lproj/InfoPlist.strings; sourceTree = "<group>"; };
		604B628818B495BB00D3EF19 /* main.m */ = {isa = PBXFileReference; lastKnownFileType = sourcecode.c.objc; path = main.m; sourceTree = "<group>"; };
		604B628A18B495BB00D3EF19 /* VybeTen-Prefix.pch */ = {isa = PBXFileReference; lastKnownFileType = sourcecode.c.h; path = "VybeTen-Prefix.pch"; sourceTree = "<group>"; };
		604B628B18B495BB00D3EF19 /* VYBAppDelegate.h */ = {isa = PBXFileReference; lastKnownFileType = sourcecode.c.h; path = VYBAppDelegate.h; sourceTree = "<group>"; };
		604B628C18B495BB00D3EF19 /* VYBAppDelegate.m */ = {isa = PBXFileReference; lastKnownFileType = sourcecode.c.objc; path = VYBAppDelegate.m; sourceTree = "<group>"; };
		604B628E18B495BB00D3EF19 /* Images.xcassets */ = {isa = PBXFileReference; lastKnownFileType = folder.assetcatalog; path = Images.xcassets; sourceTree = "<group>"; };
		6061246B18B7862F00B0A14E /* VYBCaptureViewController.h */ = {isa = PBXFileReference; fileEncoding = 4; lastKnownFileType = sourcecode.c.h; path = VYBCaptureViewController.h; sourceTree = "<group>"; };
		6061246C18B7862F00B0A14E /* VYBCaptureViewController.m */ = {isa = PBXFileReference; fileEncoding = 4; lastKnownFileType = sourcecode.c.objc; path = VYBCaptureViewController.m; sourceTree = "<group>"; };
		607CA69818C5C80C0060B420 /* VYBPlayerView.h */ = {isa = PBXFileReference; fileEncoding = 4; lastKnownFileType = sourcecode.c.h; path = VYBPlayerView.h; sourceTree = "<group>"; };
		607CA69918C5C80C0060B420 /* VYBPlayerView.m */ = {isa = PBXFileReference; fileEncoding = 4; lastKnownFileType = sourcecode.c.objc; path = VYBPlayerView.m; sourceTree = "<group>"; };
		60F1BBB718BAAFA900070EEC /* VYBMyVybeStore.h */ = {isa = PBXFileReference; fileEncoding = 4; lastKnownFileType = sourcecode.c.h; path = VYBMyVybeStore.h; sourceTree = "<group>"; };
		60F1BBB818BAAFA900070EEC /* VYBMyVybeStore.m */ = {isa = PBXFileReference; fileEncoding = 4; lastKnownFileType = sourcecode.c.objc; path = VYBMyVybeStore.m; sourceTree = "<group>"; };
		88063E6719F22F1E00C90A2D /* Activity.storyboard */ = {isa = PBXFileReference; fileEncoding = 4; lastKnownFileType = file.storyboard; path = Activity.storyboard; sourceTree = "<group>"; };
		88366AAB19F10CB60093B148 /* VYBWelcomeViewController.h */ = {isa = PBXFileReference; fileEncoding = 4; lastKnownFileType = sourcecode.c.h; path = VYBWelcomeViewController.h; sourceTree = "<group>"; };
		88366AAC19F10CB60093B148 /* VYBWelcomeViewController.m */ = {isa = PBXFileReference; fileEncoding = 4; lastKnownFileType = sourcecode.c.objc; path = VYBWelcomeViewController.m; sourceTree = "<group>"; };
		8861F0CE19A81C8C000249DB /* NSString+Username.h */ = {isa = PBXFileReference; fileEncoding = 4; lastKnownFileType = sourcecode.c.h; path = "NSString+Username.h"; sourceTree = "<group>"; };
		8861F0CF19A81C8C000249DB /* NSString+Username.m */ = {isa = PBXFileReference; fileEncoding = 4; lastKnownFileType = sourcecode.c.objc; path = "NSString+Username.m"; sourceTree = "<group>"; };
		8861F0D119A81E08000249DB /* NSString+Email.h */ = {isa = PBXFileReference; fileEncoding = 4; lastKnownFileType = sourcecode.c.h; path = "NSString+Email.h"; sourceTree = "<group>"; };
		8861F0D219A81E08000249DB /* NSString+Email.m */ = {isa = PBXFileReference; fileEncoding = 4; lastKnownFileType = sourcecode.c.objc; path = "NSString+Email.m"; sourceTree = "<group>"; };
		88828D9919344AEB005CB06C /* Reachability.h */ = {isa = PBXFileReference; fileEncoding = 4; lastKnownFileType = sourcecode.c.h; name = Reachability.h; path = External/Reachability/Reachability.h; sourceTree = "<group>"; };
		88828D9A19344AEB005CB06C /* Reachability.m */ = {isa = PBXFileReference; fileEncoding = 4; lastKnownFileType = sourcecode.c.objc; name = Reachability.m; path = External/Reachability/Reachability.m; sourceTree = "<group>"; };
		8887DA0D19F50774007BCC53 /* VYBVybeTableViewCell.m */ = {isa = PBXFileReference; fileEncoding = 4; lastKnownFileType = sourcecode.c.objc; path = VYBVybeTableViewCell.m; sourceTree = "<group>"; };
		888F1FE419B2740B00546643 /* ProximaNovaSoft-Bold.otf */ = {isa = PBXFileReference; lastKnownFileType = file; path = "ProximaNovaSoft-Bold.otf"; sourceTree = "<group>"; };
		888F1FE519B2740B00546643 /* ProximaNovaSoft-Regular.otf */ = {isa = PBXFileReference; lastKnownFileType = file; path = "ProximaNovaSoft-Regular.otf"; sourceTree = "<group>"; };
		888F1FE619B2740B00546643 /* ProximaNovaSoft-Semibold.otf */ = {isa = PBXFileReference; lastKnownFileType = file; path = "ProximaNovaSoft-Semibold.otf"; sourceTree = "<group>"; };
		88F72A101914C721007C7370 /* AnimatedTransitioning.h */ = {isa = PBXFileReference; fileEncoding = 4; lastKnownFileType = sourcecode.c.h; path = AnimatedTransitioning.h; sourceTree = "<group>"; };
		88F72A111914C721007C7370 /* AnimatedTransitioning.m */ = {isa = PBXFileReference; fileEncoding = 4; lastKnownFileType = sourcecode.c.objc; path = AnimatedTransitioning.m; sourceTree = "<group>"; };
		88F72A121914C721007C7370 /* TransitionDelegate.h */ = {isa = PBXFileReference; fileEncoding = 4; lastKnownFileType = sourcecode.c.h; path = TransitionDelegate.h; sourceTree = "<group>"; };
		88F72A131914C721007C7370 /* TransitionDelegate.m */ = {isa = PBXFileReference; fileEncoding = 4; lastKnownFileType = sourcecode.c.objc; path = TransitionDelegate.m; sourceTree = "<group>"; };
		88FF430319AFFCEB00D18872 /* VYBActivityTableViewController.h */ = {isa = PBXFileReference; fileEncoding = 4; lastKnownFileType = sourcecode.c.h; path = VYBActivityTableViewController.h; sourceTree = "<group>"; };
		88FF430419AFFCEB00D18872 /* VYBActivityTableViewController.m */ = {isa = PBXFileReference; fileEncoding = 4; lastKnownFileType = sourcecode.c.objc; path = VYBActivityTableViewController.m; sourceTree = "<group>"; };
		9D4D61F35BF543039A00CFD0 /* libPods.a */ = {isa = PBXFileReference; explicitFileType = archive.ar; includeInIndex = 0; path = libPods.a; sourceTree = BUILT_PRODUCTS_DIR; };
		A8082E04467F02FEB3CA5B7B /* Pods.debug.xcconfig */ = {isa = PBXFileReference; includeInIndex = 1; lastKnownFileType = text.xcconfig; name = Pods.debug.xcconfig; path = "Pods/Target Support Files/Pods/Pods.debug.xcconfig"; sourceTree = "<group>"; };
		DF76CB51AFE702471B251F50 /* Pods.release.xcconfig */ = {isa = PBXFileReference; includeInIndex = 1; lastKnownFileType = text.xcconfig; name = Pods.release.xcconfig; path = "Pods/Target Support Files/Pods/Pods.release.xcconfig"; sourceTree = "<group>"; };
/* End PBXFileReference section */

/* Begin PBXFrameworksBuildPhase section */
		604B627618B495BB00D3EF19 /* Frameworks */ = {
			isa = PBXFrameworksBuildPhase;
			buildActionMask = 2147483647;
			files = (
				02D255E11992A4DE0053B89F /* MapKit.framework in Frameworks */,
				876FD1CBA2104ACB85FFFB93 /* libPods.a in Frameworks */,
			);
			runOnlyForDeploymentPostprocessing = 0;
		};
/* End PBXFrameworksBuildPhase section */

/* Begin PBXGroup section */
		023E538E191F143F00C3CF78 /* Categories */ = {
			isa = PBXGroup;
			children = (
				0262054219A67B3600E994F9 /* UINavigationController+Autorotate.h */,
				0262054319A67B3600E994F9 /* UINavigationController+Autorotate.m */,
				021B5B6819A7B49100B906F3 /* AVAsset+VideoOrientation.h */,
				021B5B6919A7B49100B906F3 /* AVAsset+VideoOrientation.m */,
				8861F0CE19A81C8C000249DB /* NSString+Username.h */,
				8861F0CF19A81C8C000249DB /* NSString+Username.m */,
				8861F0D119A81E08000249DB /* NSString+Email.h */,
				8861F0D219A81E08000249DB /* NSString+Email.m */,
				023F0FCC19AA6BFA0055D3B7 /* UIImage+FixOrientation.h */,
				023F0FCD19AA6BFA0055D3B7 /* UIImage+FixOrientation.m */,
				025408DF19BA0FD7009C7C71 /* NSArray+PFObject.h */,
				025408E019BA0FD7009C7C71 /* NSArray+PFObject.m */,
				025408E219BA10E5009C7C71 /* NSMutableArray+PFObject.h */,
				025408E319BA10E5009C7C71 /* NSMutableArray+PFObject.m */,
				025CC90A19D51AF400A1208C /* UINavigationBar+fixedSize.h */,
				025CC90B19D51AF400A1208C /* UINavigationBar+fixedSize.m */,
				025CC90D19D5229200A1208C /* UIImage+maskImage.h */,
				025CC90E19D5229200A1208C /* UIImage+maskImage.m */,
			);
			name = Categories;
			sourceTree = "<group>";
		};
		0254E92119BB8A78003A99DE /* Registration */ = {
			isa = PBXGroup;
			children = (
				026385EC197972BA00B377EC /* VYBSignUpViewController.m */,
				026385EB197972BA00B377EC /* VYBSignUpViewController.h */,
				026385ED197972BA00B377EC /* VYBSignUpViewController.xib */,
				02E455671989727200B22554 /* VYBLogInViewController.h */,
				02E455681989727200B22554 /* VYBLogInViewController.m */,
				02E455691989727200B22554 /* VYBLogInViewController.xib */,
				020F1C481977054900C3AA40 /* VYBPermissionViewController.h */,
				020F1C491977054900C3AA40 /* VYBPermissionViewController.m */,
				0207236419F1991800817A02 /* VYBPermissionViewController.xib */,
				02C7A02519F580FC0065BF4E /* VYBFirstPageViewController.swift */,
				02C7A02619F580FC0065BF4E /* VYBFirstPageViewController.xib */,
			);
			name = Registration;
			sourceTree = "<group>";
		};
		0254E92219BB8A9B003A99DE /* Capture */ = {
			isa = PBXGroup;
			children = (
				6061246B18B7862F00B0A14E /* VYBCaptureViewController.h */,
				6061246C18B7862F00B0A14E /* VYBCaptureViewController.m */,
				022AC50219AD9757008A9C64 /* VYBCaptureViewController.xib */,
				02CEE2AE1970C2F900AC361F /* VYBReplayViewController.h */,
				02CEE2AF1970C2F900AC361F /* VYBReplayViewController.m */,
				02E943B119C916C50057E8EE /* VYBReplayViewController.xib */,
				0288603C19E4A02A007876AE /* VYBCapturePipeline.h */,
				0288603D19E4A02A007876AE /* VYBCapturePipeline.m */,
				027DE0ED19E7484200F5F4C0 /* VYBCaptureRecorder.h */,
				027DE0EE19E7484200F5F4C0 /* VYBCaptureRecorder.m */,
			);
			name = Capture;
			sourceTree = "<group>";
		};
		0266802419F15BAF00030836 /* Player */ = {
			isa = PBXGroup;
			children = (
				0266802519F15CB000030836 /* VYBPlayerControlViewController.h */,
				0266802619F15CB000030836 /* VYBPlayerControlViewController.m */,
				0266802719F15CB000030836 /* VYBPlayerControlViewController.xib */,
			);
			name = Player;
			sourceTree = "<group>";
		};
		027C707719AEFE4F007BB8FE /* Stories */ = {
			isa = PBXGroup;
			children = (
				88063E6719F22F1E00C90A2D /* Activity.storyboard */,
			);
			name = Stories;
			sourceTree = "<group>";
		};
		027C708019AF08C6007BB8FE /* Container */ = {
			isa = PBXGroup;
			children = (
				0276D13A19590CDE007292B0 /* VYBPageViewController.h */,
				0276D13B19590CDF007292B0 /* VYBPageViewController.m */,
				0226CBAB194A0339005270D3 /* VYBNavigationController.h */,
				0226CBAC194A0339005270D3 /* VYBNavigationController.m */,
			);
			name = Container;
			sourceTree = "<group>";
		};
		027D924618EA85E800537822 /* Model */ = {
			isa = PBXGroup;
			children = (
				024520C6192FDB5F007B56A1 /* VYBMyVybe.h */,
				024520C7192FDB5F007B56A1 /* VYBMyVybe.m */,
				02F36B2D1986F62800B7D842 /* VYBUser.h */,
				02F36B2E1986F62800B7D842 /* VYBUser.m */,
				026216B919EA43DE00EC6544 /* VybeTen-Bridging-Header.h */,
				026216BC19EA470600EC6544 /* VYBVybe.h */,
				026216BD19EA470600EC6544 /* VYBVybe.m */,
			);
			name = Model;
			sourceTree = "<group>";
		};
		027D924718EA85EE00537822 /* View */ = {
			isa = PBXGroup;
			children = (
				88F72A0F1914C721007C7370 /* Transition Delegate */,
				025169AB18FAF955007F34B0 /* VYBLabel.h */,
				025169AC18FAF955007F34B0 /* VYBLabel.m */,
				0293877B1969C1D200F41A12 /* VYBCaptureButton.h */,
				0293877C1969C1D200F41A12 /* VYBCaptureButton.m */,
				02CEE2AB1970A46A00AC361F /* VYBTimerView.h */,
				02CEE2AC1970A46A00AC361F /* VYBTimerView.m */,
				607CA69818C5C80C0060B420 /* VYBPlayerView.h */,
				607CA69918C5C80C0060B420 /* VYBPlayerView.m */,
				020FB84719744EBA005C9BA9 /* VYBCameraView.h */,
				020FB84819744EBA005C9BA9 /* VYBCameraView.m */,
				021B5B6B19A7D0E300B906F3 /* VYBVybeTableViewCell.h */,
				8887DA0D19F50774007BCC53 /* VYBVybeTableViewCell.m */,
				02F5B1EF19D32594008C42C3 /* VYBDynamicSizeView.h */,
				02F5B1F019D32594008C42C3 /* VYBDynamicSizeView.m */,
				0222946B19FF2CE200A2AD62 /* VYBPizzaLayer.h */,
				0222946C19FF2CE200A2AD62 /* VYBPizzaLayer.m */,
				020BDAB819FFFF7500B02824 /* VYBActiveButton.h */,
				020BDAB919FFFF7500B02824 /* VYBAciveButton.m */,
				020BDABB1A008C7500B02824 /* VYBPortalButton.h */,
				020BDABC1A008C7500B02824 /* VYBPortalButton.m */,
			);
			name = View;
			sourceTree = "<group>";
		};
		027D924818EA85F300537822 /* Controller */ = {
			isa = PBXGroup;
			children = (
				0266802419F15BAF00030836 /* Player */,
				0254E92119BB8A78003A99DE /* Registration */,
				0254E92219BB8A9B003A99DE /* Capture */,
				027C708019AF08C6007BB8FE /* Container */,
				88FF430319AFFCEB00D18872 /* VYBActivityTableViewController.h */,
				88FF430419AFFCEB00D18872 /* VYBActivityTableViewController.m */,
				88366AAB19F10CB60093B148 /* VYBWelcomeViewController.h */,
				88366AAC19F10CB60093B148 /* VYBWelcomeViewController.m */,
			);
			name = Controller;
			sourceTree = "<group>";
		};
		027D924918EA85F900537822 /* Store */ = {
			isa = PBXGroup;
			children = (
				60F1BBB718BAAFA900070EEC /* VYBMyVybeStore.h */,
				60F1BBB818BAAFA900070EEC /* VYBMyVybeStore.m */,
				02F36B2A1986F5A200B7D842 /* VYBUserStore.h */,
				02F36B2B1986F5A200B7D842 /* VYBUserStore.m */,
			);
			name = Store;
			sourceTree = "<group>";
		};
		02D11CF418DF62680018DA97 /* resources */ = {
			isa = PBXGroup;
			children = (
				02D11CF518DF62710018DA97 /* fonts */,
				0237C13619EEF44A00AC6F81 /* DefaultPreferences.plist */,
			);
			name = resources;
			sourceTree = "<group>";
		};
		02D11CF518DF62710018DA97 /* fonts */ = {
			isa = PBXGroup;
			children = (
				888F1FE319B2740B00546643 /* ProximaNovaSoft */,
				02F80C45196F600300FB2A48 /* AvenirLTStd-Book.otf */,
				02D11CF618DF62AC0018DA97 /* Montreal */,
			);
			name = fonts;
			sourceTree = "<group>";
		};
		02D11CF618DF62AC0018DA97 /* Montreal */ = {
			isa = PBXGroup;
			children = (
				02D11CF718DF62AC0018DA97 /* Montreal-Bold.otf */,
				02D11CF818DF62AC0018DA97 /* Montreal-BoldIta.otf */,
				02D11CF918DF62AC0018DA97 /* Montreal-DemiBold.otf */,
				02D11CFA18DF62AC0018DA97 /* Montreal-DemiBoldIta.otf */,
				02D11CFB18DF62AC0018DA97 /* Montreal-Heavy.otf */,
				02D11CFC18DF62AC0018DA97 /* Montreal-HeavyIta.otf */,
				02D11CFD18DF62AC0018DA97 /* Montreal-Light.otf */,
				02D11CFE18DF62AC0018DA97 /* Montreal-LightIta.otf */,
				02D11CFF18DF62AC0018DA97 /* Montreal-Medium.otf */,
				02D11D0018DF62AC0018DA97 /* Montreal-MediumIta.otf */,
				02D11D0118DF62AC0018DA97 /* Montreal-Regular.otf */,
				02D11D0218DF62AC0018DA97 /* Montreal-RegularIta.otf */,
				02D11D0318DF62AC0018DA97 /* Montreal-Xlight.otf */,
				02D11D0418DF62AC0018DA97 /* Montreal-XlightIta.otf */,
			);
			name = Montreal;
			path = "Montreal Font";
			sourceTree = "<group>";
		};
		604B627018B495BB00D3EF19 = {
			isa = PBXGroup;
			children = (
				88828D9D19344AFE005CB06C /* External */,
				604B628218B495BB00D3EF19 /* VybeTen */,
				604B627B18B495BB00D3EF19 /* Frameworks */,
				604B627A18B495BB00D3EF19 /* Products */,
				F9A00C6EC7F947E33BEA339F /* Pods */,
			);
			sourceTree = "<group>";
		};
		604B627A18B495BB00D3EF19 /* Products */ = {
			isa = PBXGroup;
			children = (
				604B627918B495BB00D3EF19 /* VybeTen.app */,
			);
			name = Products;
			sourceTree = "<group>";
		};
		604B627B18B495BB00D3EF19 /* Frameworks */ = {
			isa = PBXGroup;
			children = (
				02D255E01992A4DE0053B89F /* MapKit.framework */,
				9D4D61F35BF543039A00CFD0 /* libPods.a */,
			);
			name = Frameworks;
			sourceTree = "<group>";
		};
		604B628218B495BB00D3EF19 /* VybeTen */ = {
			isa = PBXGroup;
			children = (
				604B628B18B495BB00D3EF19 /* VYBAppDelegate.h */,
				604B628C18B495BB00D3EF19 /* VYBAppDelegate.m */,
				025DE65918CB16E30054F739 /* VYBConstants.h */,
				025DE65A18CB16E30054F739 /* VYBConstants.m */,
				023E538B191F142000C3CF78 /* VYBCache.h */,
				023E538C191F142000C3CF78 /* VYBCache.m */,
				0275087A19252D5C00B070EE /* VYBUtility.h */,
				0275087B19252D5C00B070EE /* VYBUtility.m */,
				023E538E191F143F00C3CF78 /* Categories */,
				027C707719AEFE4F007BB8FE /* Stories */,
				027D924818EA85F300537822 /* Controller */,
				027D924718EA85EE00537822 /* View */,
				027D924618EA85E800537822 /* Model */,
				027D924918EA85F900537822 /* Store */,
				604B628E18B495BB00D3EF19 /* Images.xcassets */,
				604B628318B495BB00D3EF19 /* Supporting Files */,
				025EDB2318F65E45008B0CB2 /* VYBAnimator.h */,
				025EDB2418F65E45008B0CB2 /* VYBAnimator.m */,
			);
			path = VybeTen;
			sourceTree = "<group>";
		};
		604B628318B495BB00D3EF19 /* Supporting Files */ = {
			isa = PBXGroup;
			children = (
				02D11CF418DF62680018DA97 /* resources */,
				604B628418B495BB00D3EF19 /* VybeTen-Info.plist */,
				604B628518B495BB00D3EF19 /* InfoPlist.strings */,
				604B628818B495BB00D3EF19 /* main.m */,
				604B628A18B495BB00D3EF19 /* VybeTen-Prefix.pch */,
			);
			name = "Supporting Files";
			sourceTree = "<group>";
		};
		88828D9C19344AF3005CB06C /* Reachability */ = {
			isa = PBXGroup;
			children = (
				88828D9919344AEB005CB06C /* Reachability.h */,
				88828D9A19344AEB005CB06C /* Reachability.m */,
			);
			name = Reachability;
			sourceTree = "<group>";
		};
		88828D9D19344AFE005CB06C /* External */ = {
			isa = PBXGroup;
			children = (
				88828D9C19344AF3005CB06C /* Reachability */,
			);
			name = External;
			sourceTree = "<group>";
		};
		888F1FE319B2740B00546643 /* ProximaNovaSoft */ = {
			isa = PBXGroup;
			children = (
				888F1FE419B2740B00546643 /* ProximaNovaSoft-Bold.otf */,
				888F1FE519B2740B00546643 /* ProximaNovaSoft-Regular.otf */,
				888F1FE619B2740B00546643 /* ProximaNovaSoft-Semibold.otf */,
			);
			path = ProximaNovaSoft;
			sourceTree = "<group>";
		};
		88F72A0F1914C721007C7370 /* Transition Delegate */ = {
			isa = PBXGroup;
			children = (
				88F72A101914C721007C7370 /* AnimatedTransitioning.h */,
				88F72A111914C721007C7370 /* AnimatedTransitioning.m */,
				88F72A121914C721007C7370 /* TransitionDelegate.h */,
				88F72A131914C721007C7370 /* TransitionDelegate.m */,
			);
			path = "Transition Delegate";
			sourceTree = "<group>";
		};
		F9A00C6EC7F947E33BEA339F /* Pods */ = {
			isa = PBXGroup;
			children = (
				A8082E04467F02FEB3CA5B7B /* Pods.debug.xcconfig */,
				DF76CB51AFE702471B251F50 /* Pods.release.xcconfig */,
			);
			name = Pods;
			sourceTree = "<group>";
		};
/* End PBXGroup section */

/* Begin PBXNativeTarget section */
		604B627818B495BB00D3EF19 /* VybeTen */ = {
			isa = PBXNativeTarget;
			buildConfigurationList = 604B62A518B495BB00D3EF19 /* Build configuration list for PBXNativeTarget "VybeTen" */;
			buildPhases = (
				DD66136B490349718D79F2AF /* Check Pods Manifest.lock */,
				604B627518B495BB00D3EF19 /* Sources */,
				604B627618B495BB00D3EF19 /* Frameworks */,
				604B627718B495BB00D3EF19 /* Resources */,
				9406D95B266A48ABBD29323A /* Copy Pods Resources */,
			);
			buildRules = (
			);
			dependencies = (
			);
			name = VybeTen;
			productName = VybeTen;
			productReference = 604B627918B495BB00D3EF19 /* VybeTen.app */;
			productType = "com.apple.product-type.application";
		};
/* End PBXNativeTarget section */

/* Begin PBXProject section */
		604B627118B495BB00D3EF19 /* Project object */ = {
			isa = PBXProject;
			attributes = {
				CLASSPREFIX = VYB;
				LastUpgradeCheck = 0510;
				ORGANIZATIONNAME = Vybe;
				TargetAttributes = {
					604B627818B495BB00D3EF19 = {
						DevelopmentTeam = KV65D55DL4;
						SystemCapabilities = {
							com.apple.DataProtection = {
								enabled = 0;
							};
							com.apple.iCloud = {
								enabled = 0;
							};
							com.apple.iOS = {
								enabled = 1;
							};
						};
					};
				};
			};
			buildConfigurationList = 604B627418B495BB00D3EF19 /* Build configuration list for PBXProject "VybeTen" */;
			compatibilityVersion = "Xcode 3.2";
			developmentRegion = English;
			hasScannedForEncodings = 0;
			knownRegions = (
				en,
			);
			mainGroup = 604B627018B495BB00D3EF19;
			productRefGroup = 604B627A18B495BB00D3EF19 /* Products */;
			projectDirPath = "";
			projectRoot = "";
			targets = (
				604B627818B495BB00D3EF19 /* VybeTen */,
			);
		};
/* End PBXProject section */

/* Begin PBXResourcesBuildPhase section */
		604B627718B495BB00D3EF19 /* Resources */ = {
			isa = PBXResourcesBuildPhase;
			buildActionMask = 2147483647;
			files = (
				02D11D0B18DF62AC0018DA97 /* Montreal-Light.otf in Resources */,
				0266802919F15CB000030836 /* VYBPlayerControlViewController.xib in Resources */,
				02D11D0518DF62AC0018DA97 /* Montreal-Bold.otf in Resources */,
				02D11D0718DF62AC0018DA97 /* Montreal-DemiBold.otf in Resources */,
				02F80C46196F600300FB2A48 /* AvenirLTStd-Book.otf in Resources */,
				02D11D0A18DF62AC0018DA97 /* Montreal-HeavyIta.otf in Resources */,
				88063E6819F22F1E00C90A2D /* Activity.storyboard in Resources */,
				604B628718B495BB00D3EF19 /* InfoPlist.strings in Resources */,
				02D11D1218DF62AC0018DA97 /* Montreal-XlightIta.otf in Resources */,
				02E4556B1989727200B22554 /* VYBLogInViewController.xib in Resources */,
				02D11D0D18DF62AC0018DA97 /* Montreal-Medium.otf in Resources */,
				022AC50319AD9757008A9C64 /* VYBCaptureViewController.xib in Resources */,
				02C7A02819F580FC0065BF4E /* VYBFirstPageViewController.xib in Resources */,
				02D11D0C18DF62AC0018DA97 /* Montreal-LightIta.otf in Resources */,
				026385EF197972BA00B377EC /* VYBSignUpViewController.xib in Resources */,
				02D11D1018DF62AC0018DA97 /* Montreal-RegularIta.otf in Resources */,
				02D11D1118DF62AC0018DA97 /* Montreal-Xlight.otf in Resources */,
				0237C13719EEF44A00AC6F81 /* DefaultPreferences.plist in Resources */,
				02D11D0F18DF62AC0018DA97 /* Montreal-Regular.otf in Resources */,
				888F1FE819B2740B00546643 /* ProximaNovaSoft-Regular.otf in Resources */,
				888F1FE919B2740B00546643 /* ProximaNovaSoft-Semibold.otf in Resources */,
				02E943B219C916C50057E8EE /* VYBReplayViewController.xib in Resources */,
				604B628F18B495BB00D3EF19 /* Images.xcassets in Resources */,
				02D11D0918DF62AC0018DA97 /* Montreal-Heavy.otf in Resources */,
				02D11D0E18DF62AC0018DA97 /* Montreal-MediumIta.otf in Resources */,
				02D11D0818DF62AC0018DA97 /* Montreal-DemiBoldIta.otf in Resources */,
				0207236519F1991800817A02 /* VYBPermissionViewController.xib in Resources */,
				02D11D0618DF62AC0018DA97 /* Montreal-BoldIta.otf in Resources */,
				888F1FE719B2740B00546643 /* ProximaNovaSoft-Bold.otf in Resources */,
			);
			runOnlyForDeploymentPostprocessing = 0;
		};
/* End PBXResourcesBuildPhase section */

/* Begin PBXShellScriptBuildPhase section */
		9406D95B266A48ABBD29323A /* Copy Pods Resources */ = {
			isa = PBXShellScriptBuildPhase;
			buildActionMask = 2147483647;
			files = (
			);
			inputPaths = (
			);
			name = "Copy Pods Resources";
			outputPaths = (
			);
			runOnlyForDeploymentPostprocessing = 0;
			shellPath = /bin/sh;
			shellScript = "\"${SRCROOT}/Pods/Target Support Files/Pods/Pods-resources.sh\"\n";
			showEnvVarsInLog = 0;
		};
		DD66136B490349718D79F2AF /* Check Pods Manifest.lock */ = {
			isa = PBXShellScriptBuildPhase;
			buildActionMask = 2147483647;
			files = (
			);
			inputPaths = (
			);
			name = "Check Pods Manifest.lock";
			outputPaths = (
			);
			runOnlyForDeploymentPostprocessing = 0;
			shellPath = /bin/sh;
			shellScript = "diff \"${PODS_ROOT}/../Podfile.lock\" \"${PODS_ROOT}/Manifest.lock\" > /dev/null\nif [[ $? != 0 ]] ; then\n    cat << EOM\nerror: The sandbox is not in sync with the Podfile.lock. Run 'pod install' or update your CocoaPods installation.\nEOM\n    exit 1\nfi\n";
			showEnvVarsInLog = 0;
		};
/* End PBXShellScriptBuildPhase section */

/* Begin PBXSourcesBuildPhase section */
		604B627518B495BB00D3EF19 /* Sources */ = {
			isa = PBXSourcesBuildPhase;
			buildActionMask = 2147483647;
			files = (
				020FB84919744EBA005C9BA9 /* VYBCameraView.m in Sources */,
				025169AD18FAF955007F34B0 /* VYBLabel.m in Sources */,
				88FF430519AFFCEB00D18872 /* VYBActivityTableViewController.m in Sources */,
				8861F0D319A81E08000249DB /* NSString+Email.m in Sources */,
				8861F0D019A81C8C000249DB /* NSString+Username.m in Sources */,
				02C7A02719F580FC0065BF4E /* VYBFirstPageViewController.swift in Sources */,
				02CEE2AD1970A46A00AC361F /* VYBTimerView.m in Sources */,
				0293877D1969C1D200F41A12 /* VYBCaptureButton.m in Sources */,
				02F36B2F1986F62800B7D842 /* VYBUser.m in Sources */,
				025CC90F19D5229200A1208C /* UIImage+maskImage.m in Sources */,
				02CEE2B01970C2F900AC361F /* VYBReplayViewController.m in Sources */,
				020BDABA19FFFF7500B02824 /* VYBAciveButton.m in Sources */,
				027DE0EF19E7484200F5F4C0 /* VYBCaptureRecorder.m in Sources */,
				60F1BBB918BAAFA900070EEC /* VYBMyVybeStore.m in Sources */,
				02E4556A1989727200B22554 /* VYBLogInViewController.m in Sources */,
				0275087C19252D5C00B070EE /* VYBUtility.m in Sources */,
				025408E419BA10E5009C7C71 /* NSMutableArray+PFObject.m in Sources */,
				020BDABD1A008C7500B02824 /* VYBPortalButton.m in Sources */,
				024520C8192FDB5F007B56A1 /* VYBMyVybe.m in Sources */,
				604B628D18B495BB00D3EF19 /* VYBAppDelegate.m in Sources */,
				026385EE197972BA00B377EC /* VYBSignUpViewController.m in Sources */,
				604B628918B495BB00D3EF19 /* main.m in Sources */,
				88366AAD19F10CB60093B148 /* VYBWelcomeViewController.m in Sources */,
				88F72A151914C721007C7370 /* TransitionDelegate.m in Sources */,
				021B5B6A19A7B49100B906F3 /* AVAsset+VideoOrientation.m in Sources */,
				88F72A141914C721007C7370 /* AnimatedTransitioning.m in Sources */,
				02F36B2C1986F5A200B7D842 /* VYBUserStore.m in Sources */,
				607CA69A18C5C80C0060B420 /* VYBPlayerView.m in Sources */,
				023E538D191F142000C3CF78 /* VYBCache.m in Sources */,
				8887DA0E19F50774007BCC53 /* VYBVybeTableViewCell.m in Sources */,
				025DE65B18CB16E30054F739 /* VYBConstants.m in Sources */,
				0226CBAD194A0339005270D3 /* VYBNavigationController.m in Sources */,
				023F0FCE19AA6BFA0055D3B7 /* UIImage+FixOrientation.m in Sources */,
				025408E119BA0FD7009C7C71 /* NSArray+PFObject.m in Sources */,
				025EDB2518F65E45008B0CB2 /* VYBAnimator.m in Sources */,
				0266802819F15CB000030836 /* VYBPlayerControlViewController.m in Sources */,
				02F5B1F119D32594008C42C3 /* VYBDynamicSizeView.m in Sources */,
				88828D9B19344AEB005CB06C /* Reachability.m in Sources */,
				0262054419A67B3600E994F9 /* UINavigationController+Autorotate.m in Sources */,
				0288603E19E4A02A007876AE /* VYBCapturePipeline.m in Sources */,
				0222946D19FF2CE200A2AD62 /* VYBPizzaLayer.m in Sources */,
				026216BE19EA470600EC6544 /* VYBVybe.m in Sources */,
				020F1C4B1977054900C3AA40 /* VYBPermissionViewController.m in Sources */,
				6061246E18B7862F00B0A14E /* VYBCaptureViewController.m in Sources */,
				025CC90C19D51AF400A1208C /* UINavigationBar+fixedSize.m in Sources */,
				0276D13C19590CDF007292B0 /* VYBPageViewController.m in Sources */,
			);
			runOnlyForDeploymentPostprocessing = 0;
		};
/* End PBXSourcesBuildPhase section */

/* Begin PBXVariantGroup section */
		604B628518B495BB00D3EF19 /* InfoPlist.strings */ = {
			isa = PBXVariantGroup;
			children = (
				604B628618B495BB00D3EF19 /* en */,
			);
			name = InfoPlist.strings;
			sourceTree = "<group>";
		};
/* End PBXVariantGroup section */

/* Begin XCBuildConfiguration section */
		604B62A318B495BB00D3EF19 /* Debug */ = {
			isa = XCBuildConfiguration;
			buildSettings = {
				ALWAYS_SEARCH_USER_PATHS = NO;
				CLANG_CXX_LANGUAGE_STANDARD = "gnu++0x";
				CLANG_CXX_LIBRARY = "libc++";
				CLANG_ENABLE_MODULES = YES;
				CLANG_ENABLE_OBJC_ARC = YES;
				CLANG_WARN_BOOL_CONVERSION = YES;
				CLANG_WARN_CONSTANT_CONVERSION = YES;
				CLANG_WARN_DIRECT_OBJC_ISA_USAGE = YES_ERROR;
				CLANG_WARN_EMPTY_BODY = YES;
				CLANG_WARN_ENUM_CONVERSION = YES;
				CLANG_WARN_INT_CONVERSION = YES;
				CLANG_WARN_OBJC_ROOT_CLASS = YES_ERROR;
				CLANG_WARN__DUPLICATE_METHOD_MATCH = YES;
				CODE_SIGN_IDENTITY = "";
				"CODE_SIGN_IDENTITY[sdk=iphoneos*]" = "";
				COPY_PHASE_STRIP = NO;
				GCC_C_LANGUAGE_STANDARD = gnu99;
				GCC_DYNAMIC_NO_PIC = NO;
				GCC_OPTIMIZATION_LEVEL = 0;
				GCC_PREPROCESSOR_DEFINITIONS = "";
				GCC_SYMBOLS_PRIVATE_EXTERN = NO;
				GCC_WARN_64_TO_32_BIT_CONVERSION = YES;
				GCC_WARN_ABOUT_RETURN_TYPE = YES_ERROR;
				GCC_WARN_UNDECLARED_SELECTOR = YES;
				GCC_WARN_UNINITIALIZED_AUTOS = YES_AGGRESSIVE;
				GCC_WARN_UNUSED_FUNCTION = YES;
				GCC_WARN_UNUSED_VARIABLE = YES;
				ONLY_ACTIVE_ARCH = YES;
				SDKROOT = iphoneos;
			};
			name = Debug;
		};
		604B62A418B495BB00D3EF19 /* Release */ = {
			isa = XCBuildConfiguration;
			buildSettings = {
				ALWAYS_SEARCH_USER_PATHS = NO;
				CLANG_CXX_LANGUAGE_STANDARD = "gnu++0x";
				CLANG_CXX_LIBRARY = "libc++";
				CLANG_ENABLE_MODULES = YES;
				CLANG_ENABLE_OBJC_ARC = YES;
				CLANG_WARN_BOOL_CONVERSION = YES;
				CLANG_WARN_CONSTANT_CONVERSION = YES;
				CLANG_WARN_DIRECT_OBJC_ISA_USAGE = YES_ERROR;
				CLANG_WARN_EMPTY_BODY = YES;
				CLANG_WARN_ENUM_CONVERSION = YES;
				CLANG_WARN_INT_CONVERSION = YES;
				CLANG_WARN_OBJC_ROOT_CLASS = YES_ERROR;
				CLANG_WARN__DUPLICATE_METHOD_MATCH = YES;
				CODE_SIGN_IDENTITY = "iPhone Distribution: Jin Su Kim (KV65D55DL4)";
				"CODE_SIGN_IDENTITY[sdk=iphoneos*]" = "iPhone Distribution: Jin Su Kim (KV65D55DL4)";
				ENABLE_NS_ASSERTIONS = NO;
				GCC_C_LANGUAGE_STANDARD = gnu99;
				GCC_PREPROCESSOR_DEFINITIONS = "$(inherited)";
				GCC_WARN_64_TO_32_BIT_CONVERSION = YES;
				GCC_WARN_ABOUT_RETURN_TYPE = YES_ERROR;
				GCC_WARN_UNDECLARED_SELECTOR = YES;
				GCC_WARN_UNINITIALIZED_AUTOS = YES_AGGRESSIVE;
				GCC_WARN_UNUSED_FUNCTION = YES;
				GCC_WARN_UNUSED_VARIABLE = YES;
				PROVISIONING_PROFILE = "9DC4AE4C-292B-41C5-AAEA-6DE1074ACF85";
				SDKROOT = iphoneos;
				VALIDATE_PRODUCT = YES;
			};
			name = Release;
		};
		604B62A618B495BB00D3EF19 /* Debug */ = {
			isa = XCBuildConfiguration;
			baseConfigurationReference = A8082E04467F02FEB3CA5B7B /* Pods.debug.xcconfig */;
			buildSettings = {
				ASSETCATALOG_COMPILER_APPICON_NAME = AppIcon;
				ASSETCATALOG_COMPILER_LAUNCHIMAGE_NAME = LaunchImage;
				CLANG_ENABLE_MODULES = YES;
				CODE_SIGN_IDENTITY = "iPhone Developer";
				"CODE_SIGN_IDENTITY[sdk=iphoneos*]" = "iPhone Developer";
				GCC_PRECOMPILE_PREFIX_HEADER = YES;
				GCC_PREFIX_HEADER = "VybeTen/VybeTen-Prefix.pch";
				INFOPLIST_FILE = "VybeTen/VybeTen-Info.plist";
				IPHONEOS_DEPLOYMENT_TARGET = 7.0;
				LD_RUNPATH_SEARCH_PATHS = "$(inherited) @executable_path/Frameworks";
				PRODUCT_NAME = "$(TARGET_NAME)";
				PROVISIONING_PROFILE = "";
				SWIFT_OBJC_BRIDGING_HEADER = "VybeTen/VybeTen-Bridging-Header.h";
				SWIFT_OPTIMIZATION_LEVEL = "-Onone";
			};
			name = Debug;
		};
		604B62A718B495BB00D3EF19 /* Release */ = {
			isa = XCBuildConfiguration;
			baseConfigurationReference = DF76CB51AFE702471B251F50 /* Pods.release.xcconfig */;
			buildSettings = {
				ASSETCATALOG_COMPILER_APPICON_NAME = AppIcon;
				ASSETCATALOG_COMPILER_LAUNCHIMAGE_NAME = LaunchImage;
				CLANG_ENABLE_MODULES = YES;
				CODE_SIGN_IDENTITY = "iPhone Developer";
				"CODE_SIGN_IDENTITY[sdk=iphoneos*]" = "iPhone Developer";
				GCC_PRECOMPILE_PREFIX_HEADER = YES;
				GCC_PREFIX_HEADER = "VybeTen/VybeTen-Prefix.pch";
				INFOPLIST_FILE = "VybeTen/VybeTen-Info.plist";
				IPHONEOS_DEPLOYMENT_TARGET = 7.0;
				LD_RUNPATH_SEARCH_PATHS = "$(inherited) @executable_path/Frameworks";
				PRODUCT_NAME = "$(TARGET_NAME)";
				PROVISIONING_PROFILE = "";
				SWIFT_OBJC_BRIDGING_HEADER = "VybeTen/VybeTen-Bridging-Header.h";
			};
			name = Release;
		};
/* End XCBuildConfiguration section */

/* Begin XCConfigurationList section */
		604B627418B495BB00D3EF19 /* Build configuration list for PBXProject "VybeTen" */ = {
			isa = XCConfigurationList;
			buildConfigurations = (
				604B62A318B495BB00D3EF19 /* Debug */,
				604B62A418B495BB00D3EF19 /* Release */,
			);
			defaultConfigurationIsVisible = 0;
			defaultConfigurationName = Release;
		};
		604B62A518B495BB00D3EF19 /* Build configuration list for PBXNativeTarget "VybeTen" */ = {
			isa = XCConfigurationList;
			buildConfigurations = (
				604B62A618B495BB00D3EF19 /* Debug */,
				604B62A718B495BB00D3EF19 /* Release */,
			);
			defaultConfigurationIsVisible = 0;
			defaultConfigurationName = Release;
		};
/* End XCConfigurationList section */
	};
	rootObject = 604B627118B495BB00D3EF19 /* Project object */;
}
