// !$*UTF8*$!
{
	archiveVersion = 1;
	classes = {
	};
	objectVersion = 46;
	objects = {

/* Begin PBXBuildFile section */
		0207236519F1991800817A02 /* VYBPermissionViewController.xib in Resources */ = {isa = PBXBuildFile; fileRef = 0207236419F1991800817A02 /* VYBPermissionViewController.xib */; };
		020F1C4B1977054900C3AA40 /* VYBPermissionViewController.m in Sources */ = {isa = PBXBuildFile; fileRef = 020F1C491977054900C3AA40 /* VYBPermissionViewController.m */; };
		020FB84919744EBA005C9BA9 /* VYBCameraView.m in Sources */ = {isa = PBXBuildFile; fileRef = 020FB84819744EBA005C9BA9 /* VYBCameraView.m */; };
		021B5B6A19A7B49100B906F3 /* AVAsset+VideoOrientation.m in Sources */ = {isa = PBXBuildFile; fileRef = 021B5B6919A7B49100B906F3 /* AVAsset+VideoOrientation.m */; };
		0221A0081A02FB1600C5C60E /* Zone.swift in Sources */ = {isa = PBXBuildFile; fileRef = 0221A0071A02FB1600C5C60E /* Zone.swift */; };
		0222946D19FF2CE200A2AD62 /* VYBPizzaLayer.m in Sources */ = {isa = PBXBuildFile; fileRef = 0222946C19FF2CE200A2AD62 /* VYBPizzaLayer.m */; };
		0226CBAD194A0339005270D3 /* VYBNavigationController.m in Sources */ = {isa = PBXBuildFile; fileRef = 0226CBAC194A0339005270D3 /* VYBNavigationController.m */; };
		022F4A671A0126DE00C20526 /* VYBMapViewController.swift in Sources */ = {isa = PBXBuildFile; fileRef = 022F4A651A0126DE00C20526 /* VYBMapViewController.swift */; };
		0237C13719EEF44A00AC6F81 /* DefaultPreferences.plist in Resources */ = {isa = PBXBuildFile; fileRef = 0237C13619EEF44A00AC6F81 /* DefaultPreferences.plist */; };
		023E538D191F142000C3CF78 /* VYBCache.m in Sources */ = {isa = PBXBuildFile; fileRef = 023E538C191F142000C3CF78 /* VYBCache.m */; };
		023F0FCE19AA6BFA0055D3B7 /* UIImage+FixOrientation.m in Sources */ = {isa = PBXBuildFile; fileRef = 023F0FCD19AA6BFA0055D3B7 /* UIImage+FixOrientation.m */; };
		02512D081A0BEDA800155068 /* ZoneStore.swift in Sources */ = {isa = PBXBuildFile; fileRef = 02512D071A0BEDA800155068 /* ZoneStore.swift */; };
		025408E119BA0FD7009C7C71 /* NSArray+PFObject.m in Sources */ = {isa = PBXBuildFile; fileRef = 025408E019BA0FD7009C7C71 /* NSArray+PFObject.m */; };
		025408E419BA10E5009C7C71 /* NSMutableArray+PFObject.m in Sources */ = {isa = PBXBuildFile; fileRef = 025408E319BA10E5009C7C71 /* NSMutableArray+PFObject.m */; };
		025CC90C19D51AF400A1208C /* UINavigationBar+fixedSize.m in Sources */ = {isa = PBXBuildFile; fileRef = 025CC90B19D51AF400A1208C /* UINavigationBar+fixedSize.m */; };
		025CC90F19D5229200A1208C /* UIImage+maskImage.m in Sources */ = {isa = PBXBuildFile; fileRef = 025CC90E19D5229200A1208C /* UIImage+maskImage.m */; };
		025DE65B18CB16E30054F739 /* VYBConstants.m in Sources */ = {isa = PBXBuildFile; fileRef = 025DE65A18CB16E30054F739 /* VYBConstants.m */; };
		026216BE19EA470600EC6544 /* VYBVybe.m in Sources */ = {isa = PBXBuildFile; fileRef = 026216BD19EA470600EC6544 /* VYBVybe.m */; };
		0266802819F15CB000030836 /* VYBPlayerViewController.m in Sources */ = {isa = PBXBuildFile; fileRef = 0266802619F15CB000030836 /* VYBPlayerViewController.m */; };
		0266802919F15CB000030836 /* VYBPlayerViewController.xib in Resources */ = {isa = PBXBuildFile; fileRef = 0266802719F15CB000030836 /* VYBPlayerViewController.xib */; };
		0275087C19252D5C00B070EE /* VYBUtility.m in Sources */ = {isa = PBXBuildFile; fileRef = 0275087B19252D5C00B070EE /* VYBUtility.m */; };
		0276D13C19590CDF007292B0 /* VYBPageViewController.m in Sources */ = {isa = PBXBuildFile; fileRef = 0276D13B19590CDF007292B0 /* VYBPageViewController.m */; };
		027DE0EF19E7484200F5F4C0 /* VYBCaptureRecorder.m in Sources */ = {isa = PBXBuildFile; fileRef = 027DE0EE19E7484200F5F4C0 /* VYBCaptureRecorder.m */; };
		0288603E19E4A02A007876AE /* VYBCapturePipeline.m in Sources */ = {isa = PBXBuildFile; fileRef = 0288603D19E4A02A007876AE /* VYBCapturePipeline.m */; };
		029729721A02A1EC0050406D /* SpotFinder.swift in Sources */ = {isa = PBXBuildFile; fileRef = 029729711A02A1EC0050406D /* SpotFinder.swift */; };
		02A45CEF1A1E664E00425F9C /* PizzaProgressView.swift in Sources */ = {isa = PBXBuildFile; fileRef = 02A45CEE1A1E664E00425F9C /* PizzaProgressView.swift */; };
		02A45CF31A1E821300425F9C /* CircleProgressView.swift in Sources */ = {isa = PBXBuildFile; fileRef = 02A45CF21A1E821300425F9C /* CircleProgressView.swift */; };
		02D11D0518DF62AC0018DA97 /* Montreal-Bold.otf in Resources */ = {isa = PBXBuildFile; fileRef = 02D11CF718DF62AC0018DA97 /* Montreal-Bold.otf */; };
		02D11D0618DF62AC0018DA97 /* Montreal-BoldIta.otf in Resources */ = {isa = PBXBuildFile; fileRef = 02D11CF818DF62AC0018DA97 /* Montreal-BoldIta.otf */; };
		02D11D0718DF62AC0018DA97 /* Montreal-DemiBold.otf in Resources */ = {isa = PBXBuildFile; fileRef = 02D11CF918DF62AC0018DA97 /* Montreal-DemiBold.otf */; };
		02D11D0818DF62AC0018DA97 /* Montreal-DemiBoldIta.otf in Resources */ = {isa = PBXBuildFile; fileRef = 02D11CFA18DF62AC0018DA97 /* Montreal-DemiBoldIta.otf */; };
		02D11D0918DF62AC0018DA97 /* Montreal-Heavy.otf in Resources */ = {isa = PBXBuildFile; fileRef = 02D11CFB18DF62AC0018DA97 /* Montreal-Heavy.otf */; };
		02D11D0A18DF62AC0018DA97 /* Montreal-HeavyIta.otf in Resources */ = {isa = PBXBuildFile; fileRef = 02D11CFC18DF62AC0018DA97 /* Montreal-HeavyIta.otf */; };
		02D11D0B18DF62AC0018DA97 /* Montreal-Light.otf in Resources */ = {isa = PBXBuildFile; fileRef = 02D11CFD18DF62AC0018DA97 /* Montreal-Light.otf */; };
		02D11D0C18DF62AC0018DA97 /* Montreal-LightIta.otf in Resources */ = {isa = PBXBuildFile; fileRef = 02D11CFE18DF62AC0018DA97 /* Montreal-LightIta.otf */; };
		02D11D0D18DF62AC0018DA97 /* Montreal-Medium.otf in Resources */ = {isa = PBXBuildFile; fileRef = 02D11CFF18DF62AC0018DA97 /* Montreal-Medium.otf */; };
		02D11D0E18DF62AC0018DA97 /* Montreal-MediumIta.otf in Resources */ = {isa = PBXBuildFile; fileRef = 02D11D0018DF62AC0018DA97 /* Montreal-MediumIta.otf */; };
		02D11D0F18DF62AC0018DA97 /* Montreal-Regular.otf in Resources */ = {isa = PBXBuildFile; fileRef = 02D11D0118DF62AC0018DA97 /* Montreal-Regular.otf */; };
		02D11D1018DF62AC0018DA97 /* Montreal-RegularIta.otf in Resources */ = {isa = PBXBuildFile; fileRef = 02D11D0218DF62AC0018DA97 /* Montreal-RegularIta.otf */; };
		02D11D1118DF62AC0018DA97 /* Montreal-Xlight.otf in Resources */ = {isa = PBXBuildFile; fileRef = 02D11D0318DF62AC0018DA97 /* Montreal-Xlight.otf */; };
		02D11D1218DF62AC0018DA97 /* Montreal-XlightIta.otf in Resources */ = {isa = PBXBuildFile; fileRef = 02D11D0418DF62AC0018DA97 /* Montreal-XlightIta.otf */; };
		02D255E11992A4DE0053B89F /* MapKit.framework in Frameworks */ = {isa = PBXBuildFile; fileRef = 02D255E01992A4DE0053B89F /* MapKit.framework */; };
		02F36B2F1986F62800B7D842 /* VYBUser.m in Sources */ = {isa = PBXBuildFile; fileRef = 02F36B2E1986F62800B7D842 /* VYBUser.m */; };
		02F80C46196F600300FB2A48 /* AvenirLTStd-Book.otf in Resources */ = {isa = PBXBuildFile; fileRef = 02F80C45196F600300FB2A48 /* AvenirLTStd-Book.otf */; };
		604B628718B495BB00D3EF19 /* InfoPlist.strings in Resources */ = {isa = PBXBuildFile; fileRef = 604B628518B495BB00D3EF19 /* InfoPlist.strings */; };
		604B628918B495BB00D3EF19 /* main.m in Sources */ = {isa = PBXBuildFile; fileRef = 604B628818B495BB00D3EF19 /* main.m */; };
		604B628D18B495BB00D3EF19 /* VYBAppDelegate.m in Sources */ = {isa = PBXBuildFile; fileRef = 604B628C18B495BB00D3EF19 /* VYBAppDelegate.m */; };
		604B628F18B495BB00D3EF19 /* Images.xcassets in Resources */ = {isa = PBXBuildFile; fileRef = 604B628E18B495BB00D3EF19 /* Images.xcassets */; };
		6061246E18B7862F00B0A14E /* VYBCaptureViewController.m in Sources */ = {isa = PBXBuildFile; fileRef = 6061246C18B7862F00B0A14E /* VYBCaptureViewController.m */; };
		607CA69A18C5C80C0060B420 /* VYBPlayerView.m in Sources */ = {isa = PBXBuildFile; fileRef = 607CA69918C5C80C0060B420 /* VYBPlayerView.m */; };
		60F1BBB918BAAFA900070EEC /* VYBMyVybeStore.m in Sources */ = {isa = PBXBuildFile; fileRef = 60F1BBB818BAAFA900070EEC /* VYBMyVybeStore.m */; };
		7401D5361A7C64E3003EEB12 /* Profile.storyboard in Resources */ = {isa = PBXBuildFile; fileRef = 7401D5351A7C64E3003EEB12 /* Profile.storyboard */; };
		7408864B1A97EA86008BD390 /* TribeCollectionCell.swift in Sources */ = {isa = PBXBuildFile; fileRef = 7408864A1A97EA86008BD390 /* TribeCollectionCell.swift */; };
		740AE0551A3292C000CB4487 /* UserAgreementViewController.swift in Sources */ = {isa = PBXBuildFile; fileRef = 740AE0531A3292C000CB4487 /* UserAgreementViewController.swift */; };
		740AE0561A3292C000CB4487 /* UserAgreementViewController.xib in Resources */ = {isa = PBXBuildFile; fileRef = 740AE0541A3292C000CB4487 /* UserAgreementViewController.xib */; };
		74172D001A720FCF00142EC1 /* ActionUtility.swift in Sources */ = {isa = PBXBuildFile; fileRef = 74172CFF1A720FCF00142EC1 /* ActionUtility.swift */; };
		742C45401A7AF75F0062617E /* AudioManager.swift in Sources */ = {isa = PBXBuildFile; fileRef = 742C453F1A7AF75F0062617E /* AudioManager.swift */; };
		7430F71E1A94F5D8009D5D26 /* SimpleDismissActionSegue.swift in Sources */ = {isa = PBXBuildFile; fileRef = 7430F71D1A94F5D8009D5D26 /* SimpleDismissActionSegue.swift */; };
		74349A201A48AA9C006BA83C /* MyVybeStore.swift in Sources */ = {isa = PBXBuildFile; fileRef = 74349A1F1A48AA9C006BA83C /* MyVybeStore.swift */; };
		74349A271A4945EB006BA83C /* libsqlite3.dylib in Frameworks */ = {isa = PBXBuildFile; fileRef = 74349A261A4945EB006BA83C /* libsqlite3.dylib */; };
		7435F5F61A6DB4120075E60C /* Home.storyboard in Resources */ = {isa = PBXBuildFile; fileRef = 7435F5F51A6DB4120075E60C /* Home.storyboard */; };
		7435F5F81A6DBAC70075E60C /* SimpleTabBarController.swift in Sources */ = {isa = PBXBuildFile; fileRef = 7435F5F71A6DBAC70075E60C /* SimpleTabBarController.swift */; };
		7435F5FA1A6DC9B70075E60C /* SimpleTabBarSegue.swift in Sources */ = {isa = PBXBuildFile; fileRef = 7435F5F91A6DC9B70075E60C /* SimpleTabBarSegue.swift */; };
		743727ED1A93CDCD00CF7C4B /* SelectTribeTableCell.swift in Sources */ = {isa = PBXBuildFile; fileRef = 743727EC1A93CDCD00CF7C4B /* SelectTribeTableCell.swift */; };
		743727EF1A93EA3A00CF7C4B /* Vybe.swift in Sources */ = {isa = PBXBuildFile; fileRef = 743727EE1A93EA3A00CF7C4B /* Vybe.swift */; };
		7437BAFD1A96FBB600F6D4A7 /* PFImageView+Shield.m in Sources */ = {isa = PBXBuildFile; fileRef = 7437BAFC1A96FBB600F6D4A7 /* PFImageView+Shield.m */; };
		7441011E1A645A3E00D2F874 /* CheckInViewController.swift in Sources */ = {isa = PBXBuildFile; fileRef = 7441011D1A645A3E00D2F874 /* CheckInViewController.swift */; };
		744101201A64739B00D2F874 /* CheckInViewController.xib in Resources */ = {isa = PBXBuildFile; fileRef = 7441011F1A64739B00D2F874 /* CheckInViewController.xib */; };
		74551C811A3E91FA00D348BB /* ConfigManager.swift in Sources */ = {isa = PBXBuildFile; fileRef = 74551C801A3E91FA00D348BB /* ConfigManager.swift */; };
		7464831C1A73063500FA4C9F /* HomeViewController.swift in Sources */ = {isa = PBXBuildFile; fileRef = 7464831B1A73063500FA4C9F /* HomeViewController.swift */; };
		7464831E1A731A0A00FA4C9F /* VybeCardCell.swift in Sources */ = {isa = PBXBuildFile; fileRef = 7464831D1A731A0A00FA4C9F /* VybeCardCell.swift */; };
		746FDAC91A42C2EA0021360C /* UserPrompts.storyboard in Resources */ = {isa = PBXBuildFile; fileRef = 746FDAC81A42C2EA0021360C /* UserPrompts.storyboard */; };
		746FDACB1A42C36A0021360C /* UserPromptsViewController.swift in Sources */ = {isa = PBXBuildFile; fileRef = 746FDACA1A42C36A0021360C /* UserPromptsViewController.swift */; };
		74781FC91A66F1AA0076FB3C /* ActivityTableViewController.swift in Sources */ = {isa = PBXBuildFile; fileRef = 74781FC81A66F1AA0076FB3C /* ActivityTableViewController.swift */; };
		748C78FA1A772F89000200C4 /* UIStoryboard+Vybe.m in Sources */ = {isa = PBXBuildFile; fileRef = 748C78F91A772F89000200C4 /* UIStoryboard+Vybe.m */; };
		749256E81A64966000E04F31 /* SpotTableCell.xib in Resources */ = {isa = PBXBuildFile; fileRef = 749256E71A64966000E04F31 /* SpotTableCell.xib */; };
		749256F01A64CCEA00E04F31 /* ProfileViewController.swift in Sources */ = {isa = PBXBuildFile; fileRef = 749256EF1A64CCEA00E04F31 /* ProfileViewController.swift */; };
		749256F51A65C82C00E04F31 /* PostTableViewCell.swift in Sources */ = {isa = PBXBuildFile; fileRef = 749256F31A65C82C00E04F31 /* PostTableViewCell.swift */; };
		749256F61A65C82C00E04F31 /* PostTableViewCell.xib in Resources */ = {isa = PBXBuildFile; fileRef = 749256F41A65C82C00E04F31 /* PostTableViewCell.xib */; };
		74A0FA541A3668FD0065059E /* BlockedUsersTableViewController.swift in Sources */ = {isa = PBXBuildFile; fileRef = 74A0FA521A3668FD0065059E /* BlockedUsersTableViewController.swift */; };
		74A0FA571A36A8B50065059E /* UnblockUser.storyboard in Resources */ = {isa = PBXBuildFile; fileRef = 74A0FA561A36A8B50065059E /* UnblockUser.storyboard */; };
		74A1F9F81A9114E7001D6F15 /* CreateTribeViewController.swift in Sources */ = {isa = PBXBuildFile; fileRef = 74A1F9F71A9114E7001D6F15 /* CreateTribeViewController.swift */; };
		74A1F9FF1A929F11001D6F15 /* NSString+TribeName.m in Sources */ = {isa = PBXBuildFile; fileRef = 74A1F9FE1A929F11001D6F15 /* NSString+TribeName.m */; };
		74B6CEB61A688D4F001F869D /* ActivityTableViewCell.swift in Sources */ = {isa = PBXBuildFile; fileRef = 74B6CEB51A688D4F001F869D /* ActivityTableViewCell.swift */; };
		74B9A2571A2EB6A100594641 /* LaunchScreen.storyboard in Resources */ = {isa = PBXBuildFile; fileRef = 74B9A2561A2EB6A100594641 /* LaunchScreen.storyboard */; };
		74BF89B71A4A033E00E92FB4 /* WelcomeManager.swift in Sources */ = {isa = PBXBuildFile; fileRef = 74BF89B61A4A033E00E92FB4 /* WelcomeManager.swift */; };
		74C4EA4C1A81412E00124C9D /* ProfileListViewController.swift in Sources */ = {isa = PBXBuildFile; fileRef = 74C4EA4B1A81412E00124C9D /* ProfileListViewController.swift */; };
		74C4EA4E1A81417200124C9D /* ProfileCollectionViewController.swift in Sources */ = {isa = PBXBuildFile; fileRef = 74C4EA4D1A81417200124C9D /* ProfileCollectionViewController.swift */; };
		74C5D9741A22F8B40006695B /* NSMutableArray+VYBVybe.m in Sources */ = {isa = PBXBuildFile; fileRef = 74C5D9731A22F8B40006695B /* NSMutableArray+VYBVybe.m */; };
		74CD7E2D1A8C4A1B009778CC /* SelectTribeViewController.swift in Sources */ = {isa = PBXBuildFile; fileRef = 74CD7E2C1A8C4A1A009778CC /* SelectTribeViewController.swift */; };
		74D0A9811A256A730066AC4E /* SimpleInteractionManager.swift in Sources */ = {isa = PBXBuildFile; fileRef = 74D0A9801A256A730066AC4E /* SimpleInteractionManager.swift */; };
		74D203EE1A5C918F00DBF3B7 /* SimpleTextField.swift in Sources */ = {isa = PBXBuildFile; fileRef = 74D203ED1A5C918F00DBF3B7 /* SimpleTextField.swift */; };
		74D6179E1A25BD7500AAD2F0 /* SwipeContainerViewController.swift in Sources */ = {isa = PBXBuildFile; fileRef = 74D6179D1A25BD7500AAD2F0 /* SwipeContainerViewController.swift */; };
		74DF7AC01A93F4A900650B48 /* Tribes.storyboard in Resources */ = {isa = PBXBuildFile; fileRef = 74DF7ABF1A93F4A900650B48 /* Tribes.storyboard */; };
		74DF7AC21A93FA4400650B48 /* TribesViewController.swift in Sources */ = {isa = PBXBuildFile; fileRef = 74DF7AC11A93FA4400650B48 /* TribesViewController.swift */; };
		74E33E3E1A86ACF000CCAB36 /* ProfileSummaryView.swift in Sources */ = {isa = PBXBuildFile; fileRef = 74E33E3D1A86ACF000CCAB36 /* ProfileSummaryView.swift */; };
		74E570EF1A41D430005072E1 /* Notification.storyboard in Resources */ = {isa = PBXBuildFile; fileRef = 74E570EE1A41D430005072E1 /* Notification.storyboard */; };
		74E570F11A41DD0D005072E1 /* NotificationTableViewController.swift in Sources */ = {isa = PBXBuildFile; fileRef = 74E570F01A41DD0D005072E1 /* NotificationTableViewController.swift */; };
		74F095571A7D5F2300B3B116 /* Capture.storyboard in Resources */ = {isa = PBXBuildFile; fileRef = 74F095561A7D5F2300B3B116 /* Capture.storyboard */; };
		74F095591A7D691E00B3B116 /* PreviewViewController.swift in Sources */ = {isa = PBXBuildFile; fileRef = 74F095581A7D691E00B3B116 /* PreviewViewController.swift */; };
		74F0955D1A80234400B3B116 /* TaggingViewController.swift in Sources */ = {isa = PBXBuildFile; fileRef = 74F0955C1A80234400B3B116 /* TaggingViewController.swift */; };
		876FD1CBA2104ACB85FFFB93 /* libPods.a in Frameworks */ = {isa = PBXBuildFile; fileRef = 9D4D61F35BF543039A00CFD0 /* libPods.a */; };
		88063E6819F22F1E00C90A2D /* Activity.storyboard in Resources */ = {isa = PBXBuildFile; fileRef = 88063E6719F22F1E00C90A2D /* Activity.storyboard */; };
		88366AAD19F10CB60093B148 /* VYBWelcomeViewController.m in Sources */ = {isa = PBXBuildFile; fileRef = 88366AAC19F10CB60093B148 /* VYBWelcomeViewController.m */; };
		884E6D021A26E1EB00E9732F /* SignUpViewController.swift in Sources */ = {isa = PBXBuildFile; fileRef = 884E6D011A26E1EB00E9732F /* SignUpViewController.swift */; };
		8861F0D019A81C8C000249DB /* NSString+Username.m in Sources */ = {isa = PBXBuildFile; fileRef = 8861F0CF19A81C8C000249DB /* NSString+Username.m */; };
		8861F0D319A81E08000249DB /* NSString+Email.m in Sources */ = {isa = PBXBuildFile; fileRef = 8861F0D219A81E08000249DB /* NSString+Email.m */; };
		88828D9B19344AEB005CB06C /* Reachability.m in Sources */ = {isa = PBXBuildFile; fileRef = 88828D9A19344AEB005CB06C /* Reachability.m */; };
		8887DA0E19F50774007BCC53 /* VYBVybeTableViewCell.m in Sources */ = {isa = PBXBuildFile; fileRef = 8887DA0D19F50774007BCC53 /* VYBVybeTableViewCell.m */; };
		888F1FE719B2740B00546643 /* ProximaNovaSoft-Bold.otf in Resources */ = {isa = PBXBuildFile; fileRef = 888F1FE419B2740B00546643 /* ProximaNovaSoft-Bold.otf */; };
		888F1FE819B2740B00546643 /* ProximaNovaSoft-Regular.otf in Resources */ = {isa = PBXBuildFile; fileRef = 888F1FE519B2740B00546643 /* ProximaNovaSoft-Regular.otf */; };
		888F1FE919B2740B00546643 /* ProximaNovaSoft-Semibold.otf in Resources */ = {isa = PBXBuildFile; fileRef = 888F1FE619B2740B00546643 /* ProximaNovaSoft-Semibold.otf */; };
		88CA12331A272BB700D4B097 /* LogInViewController.swift in Sources */ = {isa = PBXBuildFile; fileRef = 88CA12321A272BB700D4B097 /* LogInViewController.swift */; };
		88FF430519AFFCEB00D18872 /* VYBActivityTableViewController.m in Sources */ = {isa = PBXBuildFile; fileRef = 88FF430419AFFCEB00D18872 /* VYBActivityTableViewController.m */; };
/* End PBXBuildFile section */

/* Begin PBXCopyFilesBuildPhase section */
		7401D5341A7B37CB003EEB12 /* Embed App Extensions */ = {
			isa = PBXCopyFilesBuildPhase;
			buildActionMask = 2147483647;
			dstPath = "";
			dstSubfolderSpec = 13;
			files = (
			);
			name = "Embed App Extensions";
			runOnlyForDeploymentPostprocessing = 0;
		};
/* End PBXCopyFilesBuildPhase section */

/* Begin PBXFileReference section */
		0207236419F1991800817A02 /* VYBPermissionViewController.xib */ = {isa = PBXFileReference; fileEncoding = 4; lastKnownFileType = file.xib; path = VYBPermissionViewController.xib; sourceTree = "<group>"; };
		020F1C481977054900C3AA40 /* VYBPermissionViewController.h */ = {isa = PBXFileReference; fileEncoding = 4; lastKnownFileType = sourcecode.c.h; path = VYBPermissionViewController.h; sourceTree = "<group>"; };
		020F1C491977054900C3AA40 /* VYBPermissionViewController.m */ = {isa = PBXFileReference; fileEncoding = 4; lastKnownFileType = sourcecode.c.objc; path = VYBPermissionViewController.m; sourceTree = "<group>"; };
		020FB84719744EBA005C9BA9 /* VYBCameraView.h */ = {isa = PBXFileReference; fileEncoding = 4; lastKnownFileType = sourcecode.c.h; path = VYBCameraView.h; sourceTree = "<group>"; };
		020FB84819744EBA005C9BA9 /* VYBCameraView.m */ = {isa = PBXFileReference; fileEncoding = 4; lastKnownFileType = sourcecode.c.objc; path = VYBCameraView.m; sourceTree = "<group>"; };
		021B5B6819A7B49100B906F3 /* AVAsset+VideoOrientation.h */ = {isa = PBXFileReference; fileEncoding = 4; lastKnownFileType = sourcecode.c.h; path = "AVAsset+VideoOrientation.h"; sourceTree = "<group>"; };
		021B5B6919A7B49100B906F3 /* AVAsset+VideoOrientation.m */ = {isa = PBXFileReference; fileEncoding = 4; lastKnownFileType = sourcecode.c.objc; path = "AVAsset+VideoOrientation.m"; sourceTree = "<group>"; };
		021B5B6B19A7D0E300B906F3 /* VYBVybeTableViewCell.h */ = {isa = PBXFileReference; fileEncoding = 4; lastKnownFileType = sourcecode.c.h; path = VYBVybeTableViewCell.h; sourceTree = "<group>"; };
		0221A0071A02FB1600C5C60E /* Zone.swift */ = {isa = PBXFileReference; fileEncoding = 4; lastKnownFileType = sourcecode.swift; path = Zone.swift; sourceTree = "<group>"; };
		0222946B19FF2CE200A2AD62 /* VYBPizzaLayer.h */ = {isa = PBXFileReference; fileEncoding = 4; lastKnownFileType = sourcecode.c.h; path = VYBPizzaLayer.h; sourceTree = "<group>"; };
		0222946C19FF2CE200A2AD62 /* VYBPizzaLayer.m */ = {isa = PBXFileReference; fileEncoding = 4; lastKnownFileType = sourcecode.c.objc; path = VYBPizzaLayer.m; sourceTree = "<group>"; };
		0226CBAB194A0339005270D3 /* VYBNavigationController.h */ = {isa = PBXFileReference; fileEncoding = 4; lastKnownFileType = sourcecode.c.h; path = VYBNavigationController.h; sourceTree = "<group>"; };
		0226CBAC194A0339005270D3 /* VYBNavigationController.m */ = {isa = PBXFileReference; fileEncoding = 4; lastKnownFileType = sourcecode.c.objc; path = VYBNavigationController.m; sourceTree = "<group>"; };
		022F4A651A0126DE00C20526 /* VYBMapViewController.swift */ = {isa = PBXFileReference; fileEncoding = 4; lastKnownFileType = sourcecode.swift; path = VYBMapViewController.swift; sourceTree = "<group>"; };
		0237C13619EEF44A00AC6F81 /* DefaultPreferences.plist */ = {isa = PBXFileReference; fileEncoding = 4; lastKnownFileType = text.plist.xml; path = DefaultPreferences.plist; sourceTree = "<group>"; };
		023E538B191F142000C3CF78 /* VYBCache.h */ = {isa = PBXFileReference; fileEncoding = 4; lastKnownFileType = sourcecode.c.h; path = VYBCache.h; sourceTree = "<group>"; };
		023E538C191F142000C3CF78 /* VYBCache.m */ = {isa = PBXFileReference; fileEncoding = 4; lastKnownFileType = sourcecode.c.objc; path = VYBCache.m; sourceTree = "<group>"; };
		023F0FCC19AA6BFA0055D3B7 /* UIImage+FixOrientation.h */ = {isa = PBXFileReference; fileEncoding = 4; lastKnownFileType = sourcecode.c.h; path = "UIImage+FixOrientation.h"; sourceTree = "<group>"; };
		023F0FCD19AA6BFA0055D3B7 /* UIImage+FixOrientation.m */ = {isa = PBXFileReference; fileEncoding = 4; lastKnownFileType = sourcecode.c.objc; path = "UIImage+FixOrientation.m"; sourceTree = "<group>"; };
		02512D071A0BEDA800155068 /* ZoneStore.swift */ = {isa = PBXFileReference; fileEncoding = 4; lastKnownFileType = sourcecode.swift; path = ZoneStore.swift; sourceTree = "<group>"; };
		025408DF19BA0FD7009C7C71 /* NSArray+PFObject.h */ = {isa = PBXFileReference; fileEncoding = 4; lastKnownFileType = sourcecode.c.h; path = "NSArray+PFObject.h"; sourceTree = "<group>"; };
		025408E019BA0FD7009C7C71 /* NSArray+PFObject.m */ = {isa = PBXFileReference; fileEncoding = 4; lastKnownFileType = sourcecode.c.objc; path = "NSArray+PFObject.m"; sourceTree = "<group>"; };
		025408E219BA10E5009C7C71 /* NSMutableArray+PFObject.h */ = {isa = PBXFileReference; fileEncoding = 4; lastKnownFileType = sourcecode.c.h; path = "NSMutableArray+PFObject.h"; sourceTree = "<group>"; };
		025408E319BA10E5009C7C71 /* NSMutableArray+PFObject.m */ = {isa = PBXFileReference; fileEncoding = 4; lastKnownFileType = sourcecode.c.objc; path = "NSMutableArray+PFObject.m"; sourceTree = "<group>"; };
		025CC90A19D51AF400A1208C /* UINavigationBar+fixedSize.h */ = {isa = PBXFileReference; fileEncoding = 4; lastKnownFileType = sourcecode.c.h; path = "UINavigationBar+fixedSize.h"; sourceTree = "<group>"; };
		025CC90B19D51AF400A1208C /* UINavigationBar+fixedSize.m */ = {isa = PBXFileReference; fileEncoding = 4; lastKnownFileType = sourcecode.c.objc; path = "UINavigationBar+fixedSize.m"; sourceTree = "<group>"; };
		025CC90D19D5229200A1208C /* UIImage+maskImage.h */ = {isa = PBXFileReference; fileEncoding = 4; lastKnownFileType = sourcecode.c.h; path = "UIImage+maskImage.h"; sourceTree = "<group>"; };
		025CC90E19D5229200A1208C /* UIImage+maskImage.m */ = {isa = PBXFileReference; fileEncoding = 4; lastKnownFileType = sourcecode.c.objc; path = "UIImage+maskImage.m"; sourceTree = "<group>"; };
		025DE65918CB16E30054F739 /* VYBConstants.h */ = {isa = PBXFileReference; fileEncoding = 4; lastKnownFileType = sourcecode.c.h; path = VYBConstants.h; sourceTree = "<group>"; };
		025DE65A18CB16E30054F739 /* VYBConstants.m */ = {isa = PBXFileReference; fileEncoding = 4; lastKnownFileType = sourcecode.c.objc; path = VYBConstants.m; sourceTree = "<group>"; };
		026216B919EA43DE00EC6544 /* Vybe-Bridging-Header.h */ = {isa = PBXFileReference; lastKnownFileType = sourcecode.c.h; path = "Vybe-Bridging-Header.h"; sourceTree = "<group>"; };
		026216BC19EA470600EC6544 /* VYBVybe.h */ = {isa = PBXFileReference; fileEncoding = 4; lastKnownFileType = sourcecode.c.h; path = VYBVybe.h; sourceTree = "<group>"; };
		026216BD19EA470600EC6544 /* VYBVybe.m */ = {isa = PBXFileReference; fileEncoding = 4; lastKnownFileType = sourcecode.c.objc; path = VYBVybe.m; sourceTree = "<group>"; };
		0266802519F15CB000030836 /* VYBPlayerViewController.h */ = {isa = PBXFileReference; fileEncoding = 4; lastKnownFileType = sourcecode.c.h; path = VYBPlayerViewController.h; sourceTree = "<group>"; };
		0266802619F15CB000030836 /* VYBPlayerViewController.m */ = {isa = PBXFileReference; fileEncoding = 4; lastKnownFileType = sourcecode.c.objc; path = VYBPlayerViewController.m; sourceTree = "<group>"; };
		0266802719F15CB000030836 /* VYBPlayerViewController.xib */ = {isa = PBXFileReference; fileEncoding = 4; lastKnownFileType = file.xib; path = VYBPlayerViewController.xib; sourceTree = "<group>"; };
		0275087A19252D5C00B070EE /* VYBUtility.h */ = {isa = PBXFileReference; fileEncoding = 4; lastKnownFileType = sourcecode.c.h; path = VYBUtility.h; sourceTree = "<group>"; };
		0275087B19252D5C00B070EE /* VYBUtility.m */ = {isa = PBXFileReference; fileEncoding = 4; lastKnownFileType = sourcecode.c.objc; path = VYBUtility.m; sourceTree = "<group>"; };
		0276D13A19590CDE007292B0 /* VYBPageViewController.h */ = {isa = PBXFileReference; fileEncoding = 4; lastKnownFileType = sourcecode.c.h; path = VYBPageViewController.h; sourceTree = "<group>"; };
		0276D13B19590CDF007292B0 /* VYBPageViewController.m */ = {isa = PBXFileReference; fileEncoding = 4; lastKnownFileType = sourcecode.c.objc; path = VYBPageViewController.m; sourceTree = "<group>"; };
		027DE0ED19E7484200F5F4C0 /* VYBCaptureRecorder.h */ = {isa = PBXFileReference; fileEncoding = 4; lastKnownFileType = sourcecode.c.h; path = VYBCaptureRecorder.h; sourceTree = "<group>"; };
		027DE0EE19E7484200F5F4C0 /* VYBCaptureRecorder.m */ = {isa = PBXFileReference; fileEncoding = 4; lastKnownFileType = sourcecode.c.objc; path = VYBCaptureRecorder.m; sourceTree = "<group>"; };
		0288603C19E4A02A007876AE /* VYBCapturePipeline.h */ = {isa = PBXFileReference; fileEncoding = 4; lastKnownFileType = sourcecode.c.h; path = VYBCapturePipeline.h; sourceTree = "<group>"; };
		0288603D19E4A02A007876AE /* VYBCapturePipeline.m */ = {isa = PBXFileReference; fileEncoding = 4; lastKnownFileType = sourcecode.c.objc; path = VYBCapturePipeline.m; sourceTree = "<group>"; };
		029729711A02A1EC0050406D /* SpotFinder.swift */ = {isa = PBXFileReference; fileEncoding = 4; lastKnownFileType = sourcecode.swift; path = SpotFinder.swift; sourceTree = "<group>"; };
		02A45CEE1A1E664E00425F9C /* PizzaProgressView.swift */ = {isa = PBXFileReference; fileEncoding = 4; lastKnownFileType = sourcecode.swift; path = PizzaProgressView.swift; sourceTree = "<group>"; };
		02A45CF21A1E821300425F9C /* CircleProgressView.swift */ = {isa = PBXFileReference; fileEncoding = 4; lastKnownFileType = sourcecode.swift; path = CircleProgressView.swift; sourceTree = "<group>"; };
		02D11CF718DF62AC0018DA97 /* Montreal-Bold.otf */ = {isa = PBXFileReference; lastKnownFileType = file; path = "Montreal-Bold.otf"; sourceTree = "<group>"; };
		02D11CF818DF62AC0018DA97 /* Montreal-BoldIta.otf */ = {isa = PBXFileReference; lastKnownFileType = file; path = "Montreal-BoldIta.otf"; sourceTree = "<group>"; };
		02D11CF918DF62AC0018DA97 /* Montreal-DemiBold.otf */ = {isa = PBXFileReference; lastKnownFileType = file; path = "Montreal-DemiBold.otf"; sourceTree = "<group>"; };
		02D11CFA18DF62AC0018DA97 /* Montreal-DemiBoldIta.otf */ = {isa = PBXFileReference; lastKnownFileType = file; path = "Montreal-DemiBoldIta.otf"; sourceTree = "<group>"; };
		02D11CFB18DF62AC0018DA97 /* Montreal-Heavy.otf */ = {isa = PBXFileReference; lastKnownFileType = file; path = "Montreal-Heavy.otf"; sourceTree = "<group>"; };
		02D11CFC18DF62AC0018DA97 /* Montreal-HeavyIta.otf */ = {isa = PBXFileReference; lastKnownFileType = file; path = "Montreal-HeavyIta.otf"; sourceTree = "<group>"; };
		02D11CFD18DF62AC0018DA97 /* Montreal-Light.otf */ = {isa = PBXFileReference; lastKnownFileType = file; path = "Montreal-Light.otf"; sourceTree = "<group>"; };
		02D11CFE18DF62AC0018DA97 /* Montreal-LightIta.otf */ = {isa = PBXFileReference; lastKnownFileType = file; path = "Montreal-LightIta.otf"; sourceTree = "<group>"; };
		02D11CFF18DF62AC0018DA97 /* Montreal-Medium.otf */ = {isa = PBXFileReference; lastKnownFileType = file; path = "Montreal-Medium.otf"; sourceTree = "<group>"; };
		02D11D0018DF62AC0018DA97 /* Montreal-MediumIta.otf */ = {isa = PBXFileReference; lastKnownFileType = file; path = "Montreal-MediumIta.otf"; sourceTree = "<group>"; };
		02D11D0118DF62AC0018DA97 /* Montreal-Regular.otf */ = {isa = PBXFileReference; lastKnownFileType = file; path = "Montreal-Regular.otf"; sourceTree = "<group>"; };
		02D11D0218DF62AC0018DA97 /* Montreal-RegularIta.otf */ = {isa = PBXFileReference; lastKnownFileType = file; path = "Montreal-RegularIta.otf"; sourceTree = "<group>"; };
		02D11D0318DF62AC0018DA97 /* Montreal-Xlight.otf */ = {isa = PBXFileReference; lastKnownFileType = file; path = "Montreal-Xlight.otf"; sourceTree = "<group>"; };
		02D11D0418DF62AC0018DA97 /* Montreal-XlightIta.otf */ = {isa = PBXFileReference; lastKnownFileType = file; path = "Montreal-XlightIta.otf"; sourceTree = "<group>"; };
		02D255E01992A4DE0053B89F /* MapKit.framework */ = {isa = PBXFileReference; lastKnownFileType = wrapper.framework; name = MapKit.framework; path = System/Library/Frameworks/MapKit.framework; sourceTree = SDKROOT; };
		02F36B2D1986F62800B7D842 /* VYBUser.h */ = {isa = PBXFileReference; fileEncoding = 4; lastKnownFileType = sourcecode.c.h; path = VYBUser.h; sourceTree = "<group>"; };
		02F36B2E1986F62800B7D842 /* VYBUser.m */ = {isa = PBXFileReference; fileEncoding = 4; lastKnownFileType = sourcecode.c.objc; path = VYBUser.m; sourceTree = "<group>"; };
		02F80C45196F600300FB2A48 /* AvenirLTStd-Book.otf */ = {isa = PBXFileReference; lastKnownFileType = file; path = "AvenirLTStd-Book.otf"; sourceTree = "<group>"; };
		604B627918B495BB00D3EF19 /* Vybe.app */ = {isa = PBXFileReference; explicitFileType = wrapper.application; includeInIndex = 0; path = Vybe.app; sourceTree = BUILT_PRODUCTS_DIR; };
		604B628418B495BB00D3EF19 /* Vybe-Info.plist */ = {isa = PBXFileReference; lastKnownFileType = text.plist.xml; path = "Vybe-Info.plist"; sourceTree = "<group>"; };
		604B628618B495BB00D3EF19 /* en */ = {isa = PBXFileReference; lastKnownFileType = text.plist.strings; name = en; path = en.lproj/InfoPlist.strings; sourceTree = "<group>"; };
		604B628818B495BB00D3EF19 /* main.m */ = {isa = PBXFileReference; lastKnownFileType = sourcecode.c.objc; path = main.m; sourceTree = "<group>"; };
		604B628B18B495BB00D3EF19 /* VYBAppDelegate.h */ = {isa = PBXFileReference; lastKnownFileType = sourcecode.c.h; path = VYBAppDelegate.h; sourceTree = "<group>"; };
		604B628C18B495BB00D3EF19 /* VYBAppDelegate.m */ = {isa = PBXFileReference; lastKnownFileType = sourcecode.c.objc; path = VYBAppDelegate.m; sourceTree = "<group>"; };
		604B628E18B495BB00D3EF19 /* Images.xcassets */ = {isa = PBXFileReference; lastKnownFileType = folder.assetcatalog; path = Images.xcassets; sourceTree = "<group>"; };
		6061246B18B7862F00B0A14E /* VYBCaptureViewController.h */ = {isa = PBXFileReference; fileEncoding = 4; lastKnownFileType = sourcecode.c.h; path = VYBCaptureViewController.h; sourceTree = "<group>"; };
		6061246C18B7862F00B0A14E /* VYBCaptureViewController.m */ = {isa = PBXFileReference; fileEncoding = 4; lastKnownFileType = sourcecode.c.objc; path = VYBCaptureViewController.m; sourceTree = "<group>"; };
		607CA69818C5C80C0060B420 /* VYBPlayerView.h */ = {isa = PBXFileReference; fileEncoding = 4; lastKnownFileType = sourcecode.c.h; path = VYBPlayerView.h; sourceTree = "<group>"; };
		607CA69918C5C80C0060B420 /* VYBPlayerView.m */ = {isa = PBXFileReference; fileEncoding = 4; lastKnownFileType = sourcecode.c.objc; path = VYBPlayerView.m; sourceTree = "<group>"; };
		60F1BBB718BAAFA900070EEC /* VYBMyVybeStore.h */ = {isa = PBXFileReference; fileEncoding = 4; lastKnownFileType = sourcecode.c.h; path = VYBMyVybeStore.h; sourceTree = "<group>"; };
		60F1BBB818BAAFA900070EEC /* VYBMyVybeStore.m */ = {isa = PBXFileReference; fileEncoding = 4; lastKnownFileType = sourcecode.c.objc; path = VYBMyVybeStore.m; sourceTree = "<group>"; };
		7401D5351A7C64E3003EEB12 /* Profile.storyboard */ = {isa = PBXFileReference; fileEncoding = 4; lastKnownFileType = file.storyboard; path = Profile.storyboard; sourceTree = "<group>"; };
		7408864A1A97EA86008BD390 /* TribeCollectionCell.swift */ = {isa = PBXFileReference; fileEncoding = 4; lastKnownFileType = sourcecode.swift; path = TribeCollectionCell.swift; sourceTree = "<group>"; };
		740AE0531A3292C000CB4487 /* UserAgreementViewController.swift */ = {isa = PBXFileReference; fileEncoding = 4; lastKnownFileType = sourcecode.swift; path = UserAgreementViewController.swift; sourceTree = "<group>"; };
		740AE0541A3292C000CB4487 /* UserAgreementViewController.xib */ = {isa = PBXFileReference; fileEncoding = 4; lastKnownFileType = file.xib; path = UserAgreementViewController.xib; sourceTree = "<group>"; };
		74172CFF1A720FCF00142EC1 /* ActionUtility.swift */ = {isa = PBXFileReference; fileEncoding = 4; lastKnownFileType = sourcecode.swift; path = ActionUtility.swift; sourceTree = "<group>"; };
		742C453F1A7AF75F0062617E /* AudioManager.swift */ = {isa = PBXFileReference; fileEncoding = 4; lastKnownFileType = sourcecode.swift; path = AudioManager.swift; sourceTree = "<group>"; };
		7430F71D1A94F5D8009D5D26 /* SimpleDismissActionSegue.swift */ = {isa = PBXFileReference; fileEncoding = 4; lastKnownFileType = sourcecode.swift; path = SimpleDismissActionSegue.swift; sourceTree = "<group>"; };
		74349A1F1A48AA9C006BA83C /* MyVybeStore.swift */ = {isa = PBXFileReference; fileEncoding = 4; lastKnownFileType = sourcecode.swift; path = MyVybeStore.swift; sourceTree = "<group>"; };
		74349A261A4945EB006BA83C /* libsqlite3.dylib */ = {isa = PBXFileReference; lastKnownFileType = "compiled.mach-o.dylib"; name = libsqlite3.dylib; path = usr/lib/libsqlite3.dylib; sourceTree = SDKROOT; };
		7435F5F51A6DB4120075E60C /* Home.storyboard */ = {isa = PBXFileReference; fileEncoding = 4; lastKnownFileType = file.storyboard; path = Home.storyboard; sourceTree = "<group>"; };
		7435F5F71A6DBAC70075E60C /* SimpleTabBarController.swift */ = {isa = PBXFileReference; fileEncoding = 4; lastKnownFileType = sourcecode.swift; path = SimpleTabBarController.swift; sourceTree = "<group>"; };
		7435F5F91A6DC9B70075E60C /* SimpleTabBarSegue.swift */ = {isa = PBXFileReference; fileEncoding = 4; lastKnownFileType = sourcecode.swift; path = SimpleTabBarSegue.swift; sourceTree = "<group>"; };
		743727EC1A93CDCD00CF7C4B /* SelectTribeTableCell.swift */ = {isa = PBXFileReference; fileEncoding = 4; lastKnownFileType = sourcecode.swift; path = SelectTribeTableCell.swift; sourceTree = "<group>"; };
		743727EE1A93EA3A00CF7C4B /* Vybe.swift */ = {isa = PBXFileReference; fileEncoding = 4; lastKnownFileType = sourcecode.swift; path = Vybe.swift; sourceTree = "<group>"; };
		7437BAFB1A96FBB600F6D4A7 /* PFImageView+Shield.h */ = {isa = PBXFileReference; fileEncoding = 4; lastKnownFileType = sourcecode.c.h; path = "PFImageView+Shield.h"; sourceTree = "<group>"; };
		7437BAFC1A96FBB600F6D4A7 /* PFImageView+Shield.m */ = {isa = PBXFileReference; fileEncoding = 4; lastKnownFileType = sourcecode.c.objc; path = "PFImageView+Shield.m"; sourceTree = "<group>"; };
		7441011D1A645A3E00D2F874 /* CheckInViewController.swift */ = {isa = PBXFileReference; fileEncoding = 4; lastKnownFileType = sourcecode.swift; path = CheckInViewController.swift; sourceTree = "<group>"; };
		7441011F1A64739B00D2F874 /* CheckInViewController.xib */ = {isa = PBXFileReference; fileEncoding = 4; lastKnownFileType = file.xib; path = CheckInViewController.xib; sourceTree = "<group>"; };
		74551C801A3E91FA00D348BB /* ConfigManager.swift */ = {isa = PBXFileReference; fileEncoding = 4; lastKnownFileType = sourcecode.swift; path = ConfigManager.swift; sourceTree = "<group>"; };
		7464831B1A73063500FA4C9F /* HomeViewController.swift */ = {isa = PBXFileReference; fileEncoding = 4; lastKnownFileType = sourcecode.swift; path = HomeViewController.swift; sourceTree = "<group>"; };
		7464831D1A731A0A00FA4C9F /* VybeCardCell.swift */ = {isa = PBXFileReference; fileEncoding = 4; lastKnownFileType = sourcecode.swift; path = VybeCardCell.swift; sourceTree = "<group>"; };
		746FDAC81A42C2EA0021360C /* UserPrompts.storyboard */ = {isa = PBXFileReference; fileEncoding = 4; lastKnownFileType = file.storyboard; path = UserPrompts.storyboard; sourceTree = "<group>"; };
		746FDACA1A42C36A0021360C /* UserPromptsViewController.swift */ = {isa = PBXFileReference; fileEncoding = 4; lastKnownFileType = sourcecode.swift; path = UserPromptsViewController.swift; sourceTree = "<group>"; };
		74781FC81A66F1AA0076FB3C /* ActivityTableViewController.swift */ = {isa = PBXFileReference; fileEncoding = 4; lastKnownFileType = sourcecode.swift; path = ActivityTableViewController.swift; sourceTree = "<group>"; };
		748C78F81A772F89000200C4 /* UIStoryboard+Vybe.h */ = {isa = PBXFileReference; fileEncoding = 4; lastKnownFileType = sourcecode.c.h; path = "UIStoryboard+Vybe.h"; sourceTree = "<group>"; };
		748C78F91A772F89000200C4 /* UIStoryboard+Vybe.m */ = {isa = PBXFileReference; fileEncoding = 4; lastKnownFileType = sourcecode.c.objc; path = "UIStoryboard+Vybe.m"; sourceTree = "<group>"; };
		749256E71A64966000E04F31 /* SpotTableCell.xib */ = {isa = PBXFileReference; fileEncoding = 4; lastKnownFileType = file.xib; path = SpotTableCell.xib; sourceTree = "<group>"; };
		749256EF1A64CCEA00E04F31 /* ProfileViewController.swift */ = {isa = PBXFileReference; fileEncoding = 4; lastKnownFileType = sourcecode.swift; path = ProfileViewController.swift; sourceTree = "<group>"; };
		749256F31A65C82C00E04F31 /* PostTableViewCell.swift */ = {isa = PBXFileReference; fileEncoding = 4; lastKnownFileType = sourcecode.swift; path = PostTableViewCell.swift; sourceTree = "<group>"; };
		749256F41A65C82C00E04F31 /* PostTableViewCell.xib */ = {isa = PBXFileReference; fileEncoding = 4; lastKnownFileType = file.xib; path = PostTableViewCell.xib; sourceTree = "<group>"; };
		74A0FA521A3668FD0065059E /* BlockedUsersTableViewController.swift */ = {isa = PBXFileReference; fileEncoding = 4; lastKnownFileType = sourcecode.swift; path = BlockedUsersTableViewController.swift; sourceTree = "<group>"; };
		74A0FA561A36A8B50065059E /* UnblockUser.storyboard */ = {isa = PBXFileReference; fileEncoding = 4; lastKnownFileType = file.storyboard; path = UnblockUser.storyboard; sourceTree = "<group>"; };
		74A1F9F71A9114E7001D6F15 /* CreateTribeViewController.swift */ = {isa = PBXFileReference; fileEncoding = 4; lastKnownFileType = sourcecode.swift; path = CreateTribeViewController.swift; sourceTree = "<group>"; };
		74A1F9FD1A929F11001D6F15 /* NSString+TribeName.h */ = {isa = PBXFileReference; fileEncoding = 4; lastKnownFileType = sourcecode.c.h; path = "NSString+TribeName.h"; sourceTree = "<group>"; };
		74A1F9FE1A929F11001D6F15 /* NSString+TribeName.m */ = {isa = PBXFileReference; fileEncoding = 4; lastKnownFileType = sourcecode.c.objc; path = "NSString+TribeName.m"; sourceTree = "<group>"; };
		74B6CEB51A688D4F001F869D /* ActivityTableViewCell.swift */ = {isa = PBXFileReference; fileEncoding = 4; lastKnownFileType = sourcecode.swift; path = ActivityTableViewCell.swift; sourceTree = "<group>"; };
		74B9A2561A2EB6A100594641 /* LaunchScreen.storyboard */ = {isa = PBXFileReference; fileEncoding = 4; lastKnownFileType = file.storyboard; path = LaunchScreen.storyboard; sourceTree = "<group>"; };
		74BF89B61A4A033E00E92FB4 /* WelcomeManager.swift */ = {isa = PBXFileReference; fileEncoding = 4; lastKnownFileType = sourcecode.swift; path = WelcomeManager.swift; sourceTree = "<group>"; };
		74C4EA4B1A81412E00124C9D /* ProfileListViewController.swift */ = {isa = PBXFileReference; fileEncoding = 4; lastKnownFileType = sourcecode.swift; path = ProfileListViewController.swift; sourceTree = "<group>"; };
		74C4EA4D1A81417200124C9D /* ProfileCollectionViewController.swift */ = {isa = PBXFileReference; fileEncoding = 4; lastKnownFileType = sourcecode.swift; path = ProfileCollectionViewController.swift; sourceTree = "<group>"; };
		74C5D9721A22F8B40006695B /* NSMutableArray+VYBVybe.h */ = {isa = PBXFileReference; fileEncoding = 4; lastKnownFileType = sourcecode.c.h; path = "NSMutableArray+VYBVybe.h"; sourceTree = "<group>"; };
		74C5D9731A22F8B40006695B /* NSMutableArray+VYBVybe.m */ = {isa = PBXFileReference; fileEncoding = 4; lastKnownFileType = sourcecode.c.objc; path = "NSMutableArray+VYBVybe.m"; sourceTree = "<group>"; };
		74CD7E2C1A8C4A1A009778CC /* SelectTribeViewController.swift */ = {isa = PBXFileReference; fileEncoding = 4; lastKnownFileType = sourcecode.swift; path = SelectTribeViewController.swift; sourceTree = "<group>"; };
		74D0A9801A256A730066AC4E /* SimpleInteractionManager.swift */ = {isa = PBXFileReference; fileEncoding = 4; lastKnownFileType = sourcecode.swift; path = SimpleInteractionManager.swift; sourceTree = "<group>"; };
		74D203ED1A5C918F00DBF3B7 /* SimpleTextField.swift */ = {isa = PBXFileReference; fileEncoding = 4; lastKnownFileType = sourcecode.swift; path = SimpleTextField.swift; sourceTree = "<group>"; };
		74D6179D1A25BD7500AAD2F0 /* SwipeContainerViewController.swift */ = {isa = PBXFileReference; fileEncoding = 4; lastKnownFileType = sourcecode.swift; path = SwipeContainerViewController.swift; sourceTree = "<group>"; };
		74DF7ABF1A93F4A900650B48 /* Tribes.storyboard */ = {isa = PBXFileReference; fileEncoding = 4; lastKnownFileType = file.storyboard; path = Tribes.storyboard; sourceTree = "<group>"; };
		74DF7AC11A93FA4400650B48 /* TribesViewController.swift */ = {isa = PBXFileReference; fileEncoding = 4; lastKnownFileType = sourcecode.swift; path = TribesViewController.swift; sourceTree = "<group>"; };
		74E33E3D1A86ACF000CCAB36 /* ProfileSummaryView.swift */ = {isa = PBXFileReference; fileEncoding = 4; lastKnownFileType = sourcecode.swift; path = ProfileSummaryView.swift; sourceTree = "<group>"; };
		74E570EE1A41D430005072E1 /* Notification.storyboard */ = {isa = PBXFileReference; fileEncoding = 4; lastKnownFileType = file.storyboard; path = Notification.storyboard; sourceTree = "<group>"; };
		74E570F01A41DD0D005072E1 /* NotificationTableViewController.swift */ = {isa = PBXFileReference; fileEncoding = 4; lastKnownFileType = sourcecode.swift; path = NotificationTableViewController.swift; sourceTree = "<group>"; };
		74F095561A7D5F2300B3B116 /* Capture.storyboard */ = {isa = PBXFileReference; fileEncoding = 4; lastKnownFileType = file.storyboard; path = Capture.storyboard; sourceTree = "<group>"; };
		74F095581A7D691E00B3B116 /* PreviewViewController.swift */ = {isa = PBXFileReference; fileEncoding = 4; lastKnownFileType = sourcecode.swift; path = PreviewViewController.swift; sourceTree = "<group>"; };
		74F0955C1A80234400B3B116 /* TaggingViewController.swift */ = {isa = PBXFileReference; fileEncoding = 4; lastKnownFileType = sourcecode.swift; path = TaggingViewController.swift; sourceTree = "<group>"; };
		88063E6719F22F1E00C90A2D /* Activity.storyboard */ = {isa = PBXFileReference; fileEncoding = 4; lastKnownFileType = file.storyboard; path = Activity.storyboard; sourceTree = "<group>"; };
		88366AAB19F10CB60093B148 /* VYBWelcomeViewController.h */ = {isa = PBXFileReference; fileEncoding = 4; lastKnownFileType = sourcecode.c.h; path = VYBWelcomeViewController.h; sourceTree = "<group>"; };
		88366AAC19F10CB60093B148 /* VYBWelcomeViewController.m */ = {isa = PBXFileReference; fileEncoding = 4; lastKnownFileType = sourcecode.c.objc; path = VYBWelcomeViewController.m; sourceTree = "<group>"; };
		884E6D011A26E1EB00E9732F /* SignUpViewController.swift */ = {isa = PBXFileReference; fileEncoding = 4; lastKnownFileType = sourcecode.swift; path = SignUpViewController.swift; sourceTree = "<group>"; };
		8861F0CE19A81C8C000249DB /* NSString+Username.h */ = {isa = PBXFileReference; fileEncoding = 4; lastKnownFileType = sourcecode.c.h; path = "NSString+Username.h"; sourceTree = "<group>"; };
		8861F0CF19A81C8C000249DB /* NSString+Username.m */ = {isa = PBXFileReference; fileEncoding = 4; lastKnownFileType = sourcecode.c.objc; path = "NSString+Username.m"; sourceTree = "<group>"; };
		8861F0D119A81E08000249DB /* NSString+Email.h */ = {isa = PBXFileReference; fileEncoding = 4; lastKnownFileType = sourcecode.c.h; path = "NSString+Email.h"; sourceTree = "<group>"; };
		8861F0D219A81E08000249DB /* NSString+Email.m */ = {isa = PBXFileReference; fileEncoding = 4; lastKnownFileType = sourcecode.c.objc; path = "NSString+Email.m"; sourceTree = "<group>"; };
		88828D9919344AEB005CB06C /* Reachability.h */ = {isa = PBXFileReference; fileEncoding = 4; lastKnownFileType = sourcecode.c.h; name = Reachability.h; path = External/Reachability/Reachability.h; sourceTree = "<group>"; };
		88828D9A19344AEB005CB06C /* Reachability.m */ = {isa = PBXFileReference; fileEncoding = 4; lastKnownFileType = sourcecode.c.objc; name = Reachability.m; path = External/Reachability/Reachability.m; sourceTree = "<group>"; };
		8887DA0D19F50774007BCC53 /* VYBVybeTableViewCell.m */ = {isa = PBXFileReference; fileEncoding = 4; lastKnownFileType = sourcecode.c.objc; path = VYBVybeTableViewCell.m; sourceTree = "<group>"; };
		888F1FE419B2740B00546643 /* ProximaNovaSoft-Bold.otf */ = {isa = PBXFileReference; lastKnownFileType = file; path = "ProximaNovaSoft-Bold.otf"; sourceTree = "<group>"; };
		888F1FE519B2740B00546643 /* ProximaNovaSoft-Regular.otf */ = {isa = PBXFileReference; lastKnownFileType = file; path = "ProximaNovaSoft-Regular.otf"; sourceTree = "<group>"; };
		888F1FE619B2740B00546643 /* ProximaNovaSoft-Semibold.otf */ = {isa = PBXFileReference; lastKnownFileType = file; path = "ProximaNovaSoft-Semibold.otf"; sourceTree = "<group>"; };
		88C734991A2707DD00B718D3 /* Vybe-Prefix.pch */ = {isa = PBXFileReference; lastKnownFileType = sourcecode.c.h; path = "Vybe-Prefix.pch"; sourceTree = "<group>"; };
		88CA12321A272BB700D4B097 /* LogInViewController.swift */ = {isa = PBXFileReference; fileEncoding = 4; lastKnownFileType = sourcecode.swift; path = LogInViewController.swift; sourceTree = "<group>"; };
		88FF430319AFFCEB00D18872 /* VYBActivityTableViewController.h */ = {isa = PBXFileReference; fileEncoding = 4; lastKnownFileType = sourcecode.c.h; path = VYBActivityTableViewController.h; sourceTree = "<group>"; };
		88FF430419AFFCEB00D18872 /* VYBActivityTableViewController.m */ = {isa = PBXFileReference; fileEncoding = 4; lastKnownFileType = sourcecode.c.objc; path = VYBActivityTableViewController.m; sourceTree = "<group>"; };
		9D4D61F35BF543039A00CFD0 /* libPods.a */ = {isa = PBXFileReference; explicitFileType = archive.ar; includeInIndex = 0; path = libPods.a; sourceTree = BUILT_PRODUCTS_DIR; };
		A8082E04467F02FEB3CA5B7B /* Pods.debug.xcconfig */ = {isa = PBXFileReference; includeInIndex = 1; lastKnownFileType = text.xcconfig; name = Pods.debug.xcconfig; path = "Pods/Target Support Files/Pods/Pods.debug.xcconfig"; sourceTree = "<group>"; };
		DF76CB51AFE702471B251F50 /* Pods.release.xcconfig */ = {isa = PBXFileReference; includeInIndex = 1; lastKnownFileType = text.xcconfig; name = Pods.release.xcconfig; path = "Pods/Target Support Files/Pods/Pods.release.xcconfig"; sourceTree = "<group>"; };
/* End PBXFileReference section */

/* Begin PBXFrameworksBuildPhase section */
		604B627618B495BB00D3EF19 /* Frameworks */ = {
			isa = PBXFrameworksBuildPhase;
			buildActionMask = 2147483647;
			files = (
				74349A271A4945EB006BA83C /* libsqlite3.dylib in Frameworks */,
				02D255E11992A4DE0053B89F /* MapKit.framework in Frameworks */,
				876FD1CBA2104ACB85FFFB93 /* libPods.a in Frameworks */,
			);
			runOnlyForDeploymentPostprocessing = 0;
		};
/* End PBXFrameworksBuildPhase section */

/* Begin PBXGroup section */
		023E538E191F143F00C3CF78 /* Categories */ = {
			isa = PBXGroup;
			children = (
				021B5B6819A7B49100B906F3 /* AVAsset+VideoOrientation.h */,
				021B5B6919A7B49100B906F3 /* AVAsset+VideoOrientation.m */,
				023F0FCC19AA6BFA0055D3B7 /* UIImage+FixOrientation.h */,
				023F0FCD19AA6BFA0055D3B7 /* UIImage+FixOrientation.m */,
				025CC90D19D5229200A1208C /* UIImage+maskImage.h */,
				025CC90E19D5229200A1208C /* UIImage+maskImage.m */,
				8861F0CE19A81C8C000249DB /* NSString+Username.h */,
				8861F0CF19A81C8C000249DB /* NSString+Username.m */,
				74A1F9FD1A929F11001D6F15 /* NSString+TribeName.h */,
				74A1F9FE1A929F11001D6F15 /* NSString+TribeName.m */,
				8861F0D119A81E08000249DB /* NSString+Email.h */,
				8861F0D219A81E08000249DB /* NSString+Email.m */,
				74C5D9721A22F8B40006695B /* NSMutableArray+VYBVybe.h */,
				74C5D9731A22F8B40006695B /* NSMutableArray+VYBVybe.m */,
				025408DF19BA0FD7009C7C71 /* NSArray+PFObject.h */,
				025408E019BA0FD7009C7C71 /* NSArray+PFObject.m */,
				025408E219BA10E5009C7C71 /* NSMutableArray+PFObject.h */,
				025408E319BA10E5009C7C71 /* NSMutableArray+PFObject.m */,
				748C78F81A772F89000200C4 /* UIStoryboard+Vybe.h */,
				748C78F91A772F89000200C4 /* UIStoryboard+Vybe.m */,
				7437BAFB1A96FBB600F6D4A7 /* PFImageView+Shield.h */,
				7437BAFC1A96FBB600F6D4A7 /* PFImageView+Shield.m */,
			);
			name = Categories;
			sourceTree = "<group>";
		};
		0254E92119BB8A78003A99DE /* Intro/ Registration */ = {
			isa = PBXGroup;
			children = (
				74B9A2561A2EB6A100594641 /* LaunchScreen.storyboard */,
				74BF89B61A4A033E00E92FB4 /* WelcomeManager.swift */,
				88366AAB19F10CB60093B148 /* VYBWelcomeViewController.h */,
				88366AAC19F10CB60093B148 /* VYBWelcomeViewController.m */,
				88CA12321A272BB700D4B097 /* LogInViewController.swift */,
				884E6D011A26E1EB00E9732F /* SignUpViewController.swift */,
				020F1C481977054900C3AA40 /* VYBPermissionViewController.h */,
				020F1C491977054900C3AA40 /* VYBPermissionViewController.m */,
				0207236419F1991800817A02 /* VYBPermissionViewController.xib */,
				740AE0531A3292C000CB4487 /* UserAgreementViewController.swift */,
				740AE0541A3292C000CB4487 /* UserAgreementViewController.xib */,
				746FDAC81A42C2EA0021360C /* UserPrompts.storyboard */,
				746FDACA1A42C36A0021360C /* UserPromptsViewController.swift */,
			);
			name = "Intro/ Registration";
			sourceTree = "<group>";
		};
		0254E92219BB8A9B003A99DE /* Capture */ = {
			isa = PBXGroup;
			children = (
				74F095561A7D5F2300B3B116 /* Capture.storyboard */,
				6061246B18B7862F00B0A14E /* VYBCaptureViewController.h */,
				6061246C18B7862F00B0A14E /* VYBCaptureViewController.m */,
				0288603C19E4A02A007876AE /* VYBCapturePipeline.h */,
				0288603D19E4A02A007876AE /* VYBCapturePipeline.m */,
				027DE0ED19E7484200F5F4C0 /* VYBCaptureRecorder.h */,
				027DE0EE19E7484200F5F4C0 /* VYBCaptureRecorder.m */,
				74F095581A7D691E00B3B116 /* PreviewViewController.swift */,
				74CD7E2C1A8C4A1A009778CC /* SelectTribeViewController.swift */,
				7441011D1A645A3E00D2F874 /* CheckInViewController.swift */,
				7441011F1A64739B00D2F874 /* CheckInViewController.xib */,
				749256E71A64966000E04F31 /* SpotTableCell.xib */,
				74F0955C1A80234400B3B116 /* TaggingViewController.swift */,
				74A1F9F71A9114E7001D6F15 /* CreateTribeViewController.swift */,
				743727EC1A93CDCD00CF7C4B /* SelectTribeTableCell.swift */,
				743727EE1A93EA3A00CF7C4B /* Vybe.swift */,
			);
			name = Capture;
			sourceTree = "<group>";
		};
		0266802419F15BAF00030836 /* Player */ = {
			isa = PBXGroup;
			children = (
				0266802519F15CB000030836 /* VYBPlayerViewController.h */,
				0266802619F15CB000030836 /* VYBPlayerViewController.m */,
				0266802719F15CB000030836 /* VYBPlayerViewController.xib */,
			);
			name = Player;
			sourceTree = "<group>";
		};
		027C707719AEFE4F007BB8FE /* Profile */ = {
			isa = PBXGroup;
			children = (
				7401D5351A7C64E3003EEB12 /* Profile.storyboard */,
				7435F5F91A6DC9B70075E60C /* SimpleTabBarSegue.swift */,
				749256EF1A64CCEA00E04F31 /* ProfileViewController.swift */,
				74C4EA4D1A81417200124C9D /* ProfileCollectionViewController.swift */,
				74C4EA4B1A81412E00124C9D /* ProfileListViewController.swift */,
				74E33E3D1A86ACF000CCAB36 /* ProfileSummaryView.swift */,
			);
			name = Profile;
			sourceTree = "<group>";
		};
		027C708019AF08C6007BB8FE /* Container */ = {
			isa = PBXGroup;
			children = (
				74D6179D1A25BD7500AAD2F0 /* SwipeContainerViewController.swift */,
				74D0A9801A256A730066AC4E /* SimpleInteractionManager.swift */,
				0276D13A19590CDE007292B0 /* VYBPageViewController.h */,
				0276D13B19590CDF007292B0 /* VYBPageViewController.m */,
				0226CBAB194A0339005270D3 /* VYBNavigationController.h */,
				0226CBAC194A0339005270D3 /* VYBNavigationController.m */,
				7435F5F71A6DBAC70075E60C /* SimpleTabBarController.swift */,
			);
			name = Container;
			sourceTree = "<group>";
		};
		027D924618EA85E800537822 /* Model */ = {
			isa = PBXGroup;
			children = (
				02F36B2D1986F62800B7D842 /* VYBUser.h */,
				02F36B2E1986F62800B7D842 /* VYBUser.m */,
				026216BC19EA470600EC6544 /* VYBVybe.h */,
				026216BD19EA470600EC6544 /* VYBVybe.m */,
				0221A0071A02FB1600C5C60E /* Zone.swift */,
			);
			name = Model;
			sourceTree = "<group>";
		};
		027D924718EA85EE00537822 /* View */ = {
			isa = PBXGroup;
			children = (
				607CA69818C5C80C0060B420 /* VYBPlayerView.h */,
				607CA69918C5C80C0060B420 /* VYBPlayerView.m */,
				020FB84719744EBA005C9BA9 /* VYBCameraView.h */,
				020FB84819744EBA005C9BA9 /* VYBCameraView.m */,
				7408864A1A97EA86008BD390 /* TribeCollectionCell.swift */,
			);
			name = View;
			sourceTree = "<group>";
		};
		027D924818EA85F300537822 /* Old */ = {
			isa = PBXGroup;
			children = (
				88063E6719F22F1E00C90A2D /* Activity.storyboard */,
				74A0FA561A36A8B50065059E /* UnblockUser.storyboard */,
				74E570EE1A41D430005072E1 /* Notification.storyboard */,
				7435F5F51A6DB4120075E60C /* Home.storyboard */,
				025CC90A19D51AF400A1208C /* UINavigationBar+fixedSize.h */,
				025CC90B19D51AF400A1208C /* UINavigationBar+fixedSize.m */,
				021B5B6B19A7D0E300B906F3 /* VYBVybeTableViewCell.h */,
				8887DA0D19F50774007BCC53 /* VYBVybeTableViewCell.m */,
				74B6CEB51A688D4F001F869D /* ActivityTableViewCell.swift */,
				749256F31A65C82C00E04F31 /* PostTableViewCell.swift */,
				749256F41A65C82C00E04F31 /* PostTableViewCell.xib */,
				88FF430319AFFCEB00D18872 /* VYBActivityTableViewController.h */,
				88FF430419AFFCEB00D18872 /* VYBActivityTableViewController.m */,
				022F4A651A0126DE00C20526 /* VYBMapViewController.swift */,
				74781FC81A66F1AA0076FB3C /* ActivityTableViewController.swift */,
				74A0FA521A3668FD0065059E /* BlockedUsersTableViewController.swift */,
				7464831B1A73063500FA4C9F /* HomeViewController.swift */,
				7464831D1A731A0A00FA4C9F /* VybeCardCell.swift */,
				74E570F01A41DD0D005072E1 /* NotificationTableViewController.swift */,
				0222946B19FF2CE200A2AD62 /* VYBPizzaLayer.h */,
				0222946C19FF2CE200A2AD62 /* VYBPizzaLayer.m */,
				02A45CEE1A1E664E00425F9C /* PizzaProgressView.swift */,
				02A45CF21A1E821300425F9C /* CircleProgressView.swift */,
				74D203ED1A5C918F00DBF3B7 /* SimpleTextField.swift */,
			);
			name = Old;
			sourceTree = "<group>";
		};
		027D924918EA85F900537822 /* Store */ = {
			isa = PBXGroup;
			children = (
				02512D071A0BEDA800155068 /* ZoneStore.swift */,
				029729711A02A1EC0050406D /* SpotFinder.swift */,
				74349A1F1A48AA9C006BA83C /* MyVybeStore.swift */,
				60F1BBB718BAAFA900070EEC /* VYBMyVybeStore.h */,
				60F1BBB818BAAFA900070EEC /* VYBMyVybeStore.m */,
			);
			name = Store;
			sourceTree = "<group>";
		};
		02D11CF418DF62680018DA97 /* resources */ = {
			isa = PBXGroup;
			children = (
				02D11CF518DF62710018DA97 /* fonts */,
				0237C13619EEF44A00AC6F81 /* DefaultPreferences.plist */,
			);
			name = resources;
			sourceTree = "<group>";
		};
		02D11CF518DF62710018DA97 /* fonts */ = {
			isa = PBXGroup;
			children = (
				888F1FE319B2740B00546643 /* ProximaNovaSoft */,
				02F80C45196F600300FB2A48 /* AvenirLTStd-Book.otf */,
				02D11CF618DF62AC0018DA97 /* Montreal */,
			);
			name = fonts;
			sourceTree = "<group>";
		};
		02D11CF618DF62AC0018DA97 /* Montreal */ = {
			isa = PBXGroup;
			children = (
				02D11CF718DF62AC0018DA97 /* Montreal-Bold.otf */,
				02D11CF818DF62AC0018DA97 /* Montreal-BoldIta.otf */,
				02D11CF918DF62AC0018DA97 /* Montreal-DemiBold.otf */,
				02D11CFA18DF62AC0018DA97 /* Montreal-DemiBoldIta.otf */,
				02D11CFB18DF62AC0018DA97 /* Montreal-Heavy.otf */,
				02D11CFC18DF62AC0018DA97 /* Montreal-HeavyIta.otf */,
				02D11CFD18DF62AC0018DA97 /* Montreal-Light.otf */,
				02D11CFE18DF62AC0018DA97 /* Montreal-LightIta.otf */,
				02D11CFF18DF62AC0018DA97 /* Montreal-Medium.otf */,
				02D11D0018DF62AC0018DA97 /* Montreal-MediumIta.otf */,
				02D11D0118DF62AC0018DA97 /* Montreal-Regular.otf */,
				02D11D0218DF62AC0018DA97 /* Montreal-RegularIta.otf */,
				02D11D0318DF62AC0018DA97 /* Montreal-Xlight.otf */,
				02D11D0418DF62AC0018DA97 /* Montreal-XlightIta.otf */,
			);
			name = Montreal;
			path = "Montreal Font";
			sourceTree = "<group>";
		};
		604B627018B495BB00D3EF19 = {
			isa = PBXGroup;
			children = (
				88828D9D19344AFE005CB06C /* External */,
				604B628218B495BB00D3EF19 /* VybeTen */,
				604B627B18B495BB00D3EF19 /* Frameworks */,
				604B627A18B495BB00D3EF19 /* Products */,
				F9A00C6EC7F947E33BEA339F /* Pods */,
			);
			sourceTree = "<group>";
		};
		604B627A18B495BB00D3EF19 /* Products */ = {
			isa = PBXGroup;
			children = (
				604B627918B495BB00D3EF19 /* Vybe.app */,
			);
			name = Products;
			sourceTree = "<group>";
		};
		604B627B18B495BB00D3EF19 /* Frameworks */ = {
			isa = PBXGroup;
			children = (
				74349A261A4945EB006BA83C /* libsqlite3.dylib */,
				9D4D61F35BF543039A00CFD0 /* libPods.a */,
				02D255E01992A4DE0053B89F /* MapKit.framework */,
			);
			name = Frameworks;
			sourceTree = "<group>";
		};
		604B628218B495BB00D3EF19 /* VybeTen */ = {
			isa = PBXGroup;
			children = (
				604B628E18B495BB00D3EF19 /* Images.xcassets */,
				604B628B18B495BB00D3EF19 /* VYBAppDelegate.h */,
				604B628C18B495BB00D3EF19 /* VYBAppDelegate.m */,
				023E538E191F143F00C3CF78 /* Categories */,
				027C708019AF08C6007BB8FE /* Container */,
				74C4EA4F1A82BA8200124C9D /* Controllers */,
				027D924718EA85EE00537822 /* View */,
				027D924618EA85E800537822 /* Model */,
				027D924918EA85F900537822 /* Store */,
				025DE65918CB16E30054F739 /* VYBConstants.h */,
				025DE65A18CB16E30054F739 /* VYBConstants.m */,
				023E538B191F142000C3CF78 /* VYBCache.h */,
				023E538C191F142000C3CF78 /* VYBCache.m */,
				0275087A19252D5C00B070EE /* VYBUtility.h */,
				0275087B19252D5C00B070EE /* VYBUtility.m */,
				742C453F1A7AF75F0062617E /* AudioManager.swift */,
				74172CFF1A720FCF00142EC1 /* ActionUtility.swift */,
				74551C801A3E91FA00D348BB /* ConfigManager.swift */,
				604B628318B495BB00D3EF19 /* Supporting Files */,
				027D924818EA85F300537822 /* Old */,
			);
			path = VybeTen;
			sourceTree = "<group>";
		};
		604B628318B495BB00D3EF19 /* Supporting Files */ = {
			isa = PBXGroup;
			children = (
				02D11CF418DF62680018DA97 /* resources */,
				604B628418B495BB00D3EF19 /* Vybe-Info.plist */,
				026216B919EA43DE00EC6544 /* Vybe-Bridging-Header.h */,
				88C734991A2707DD00B718D3 /* Vybe-Prefix.pch */,
				604B628518B495BB00D3EF19 /* InfoPlist.strings */,
				604B628818B495BB00D3EF19 /* main.m */,
			);
			name = "Supporting Files";
			sourceTree = "<group>";
		};
		74C4EA4F1A82BA8200124C9D /* Controllers */ = {
			isa = PBXGroup;
			children = (
				0254E92119BB8A78003A99DE /* Intro/ Registration */,
				0254E92219BB8A9B003A99DE /* Capture */,
				74DF7ABE1A93F40900650B48 /* Home */,
				0266802419F15BAF00030836 /* Player */,
				027C707719AEFE4F007BB8FE /* Profile */,
			);
			name = Controllers;
			sourceTree = "<group>";
		};
		74DF7ABE1A93F40900650B48 /* Home */ = {
			isa = PBXGroup;
			children = (
				74DF7ABF1A93F4A900650B48 /* Tribes.storyboard */,
				74DF7AC11A93FA4400650B48 /* TribesViewController.swift */,
				7430F71D1A94F5D8009D5D26 /* SimpleDismissActionSegue.swift */,
			);
			name = Home;
			sourceTree = "<group>";
		};
		88828D9C19344AF3005CB06C /* Reachability */ = {
			isa = PBXGroup;
			children = (
				88828D9919344AEB005CB06C /* Reachability.h */,
				88828D9A19344AEB005CB06C /* Reachability.m */,
			);
			name = Reachability;
			sourceTree = "<group>";
		};
		88828D9D19344AFE005CB06C /* External */ = {
			isa = PBXGroup;
			children = (
				88828D9C19344AF3005CB06C /* Reachability */,
			);
			name = External;
			sourceTree = "<group>";
		};
		888F1FE319B2740B00546643 /* ProximaNovaSoft */ = {
			isa = PBXGroup;
			children = (
				888F1FE419B2740B00546643 /* ProximaNovaSoft-Bold.otf */,
				888F1FE519B2740B00546643 /* ProximaNovaSoft-Regular.otf */,
				888F1FE619B2740B00546643 /* ProximaNovaSoft-Semibold.otf */,
			);
			path = ProximaNovaSoft;
			sourceTree = "<group>";
		};
		F9A00C6EC7F947E33BEA339F /* Pods */ = {
			isa = PBXGroup;
			children = (
				A8082E04467F02FEB3CA5B7B /* Pods.debug.xcconfig */,
				DF76CB51AFE702471B251F50 /* Pods.release.xcconfig */,
			);
			name = Pods;
			sourceTree = "<group>";
		};
/* End PBXGroup section */

/* Begin PBXNativeTarget section */
		604B627818B495BB00D3EF19 /* Vybe */ = {
			isa = PBXNativeTarget;
			buildConfigurationList = 604B62A518B495BB00D3EF19 /* Build configuration list for PBXNativeTarget "Vybe" */;
			buildPhases = (
				DD66136B490349718D79F2AF /* Check Pods Manifest.lock */,
				604B627518B495BB00D3EF19 /* Sources */,
				604B627618B495BB00D3EF19 /* Frameworks */,
				604B627718B495BB00D3EF19 /* Resources */,
				9406D95B266A48ABBD29323A /* Copy Pods Resources */,
				74F9E6131A3A31D5001AB15B /* ShellScript */,
				7401D5341A7B37CB003EEB12 /* Embed App Extensions */,
			);
			buildRules = (
			);
			dependencies = (
			);
			name = Vybe;
			productName = VybeTen;
			productReference = 604B627918B495BB00D3EF19 /* Vybe.app */;
			productType = "com.apple.product-type.application";
		};
/* End PBXNativeTarget section */

/* Begin PBXProject section */
		604B627118B495BB00D3EF19 /* Project object */ = {
			isa = PBXProject;
			attributes = {
				CLASSPREFIX = VYB;
				LastUpgradeCheck = 0510;
				ORGANIZATIONNAME = Vybe;
				TargetAttributes = {
					604B627818B495BB00D3EF19 = {
						DevelopmentTeam = KV65D55DL4;
						SystemCapabilities = {
							com.apple.DataProtection = {
								enabled = 0;
							};
							com.apple.iCloud = {
								enabled = 0;
							};
							com.apple.iOS = {
								enabled = 1;
							};
						};
					};
				};
			};
			buildConfigurationList = 604B627418B495BB00D3EF19 /* Build configuration list for PBXProject "Vybe" */;
			compatibilityVersion = "Xcode 3.2";
			developmentRegion = English;
			hasScannedForEncodings = 0;
			knownRegions = (
				en,
				Base,
			);
			mainGroup = 604B627018B495BB00D3EF19;
			productRefGroup = 604B627A18B495BB00D3EF19 /* Products */;
			projectDirPath = "";
			projectRoot = "";
			targets = (
				604B627818B495BB00D3EF19 /* Vybe */,
			);
		};
/* End PBXProject section */

/* Begin PBXResourcesBuildPhase section */
		604B627718B495BB00D3EF19 /* Resources */ = {
			isa = PBXResourcesBuildPhase;
			buildActionMask = 2147483647;
			files = (
				02D11D0B18DF62AC0018DA97 /* Montreal-Light.otf in Resources */,
				74DF7AC01A93F4A900650B48 /* Tribes.storyboard in Resources */,
				0266802919F15CB000030836 /* VYBPlayerViewController.xib in Resources */,
				02D11D0518DF62AC0018DA97 /* Montreal-Bold.otf in Resources */,
				02D11D0718DF62AC0018DA97 /* Montreal-DemiBold.otf in Resources */,
				74F095571A7D5F2300B3B116 /* Capture.storyboard in Resources */,
				02F80C46196F600300FB2A48 /* AvenirLTStd-Book.otf in Resources */,
				02D11D0A18DF62AC0018DA97 /* Montreal-HeavyIta.otf in Resources */,
				746FDAC91A42C2EA0021360C /* UserPrompts.storyboard in Resources */,
				88063E6819F22F1E00C90A2D /* Activity.storyboard in Resources */,
				604B628718B495BB00D3EF19 /* InfoPlist.strings in Resources */,
				02D11D1218DF62AC0018DA97 /* Montreal-XlightIta.otf in Resources */,
				02D11D0D18DF62AC0018DA97 /* Montreal-Medium.otf in Resources */,
				74A0FA571A36A8B50065059E /* UnblockUser.storyboard in Resources */,
				7435F5F61A6DB4120075E60C /* Home.storyboard in Resources */,
				02D11D0C18DF62AC0018DA97 /* Montreal-LightIta.otf in Resources */,
				02D11D1018DF62AC0018DA97 /* Montreal-RegularIta.otf in Resources */,
				7401D5361A7C64E3003EEB12 /* Profile.storyboard in Resources */,
				02D11D1118DF62AC0018DA97 /* Montreal-Xlight.otf in Resources */,
				0237C13719EEF44A00AC6F81 /* DefaultPreferences.plist in Resources */,
				02D11D0F18DF62AC0018DA97 /* Montreal-Regular.otf in Resources */,
				888F1FE819B2740B00546643 /* ProximaNovaSoft-Regular.otf in Resources */,
				74B9A2571A2EB6A100594641 /* LaunchScreen.storyboard in Resources */,
				74E570EF1A41D430005072E1 /* Notification.storyboard in Resources */,
				888F1FE919B2740B00546643 /* ProximaNovaSoft-Semibold.otf in Resources */,
				740AE0561A3292C000CB4487 /* UserAgreementViewController.xib in Resources */,
				604B628F18B495BB00D3EF19 /* Images.xcassets in Resources */,
				749256E81A64966000E04F31 /* SpotTableCell.xib in Resources */,
				749256F61A65C82C00E04F31 /* PostTableViewCell.xib in Resources */,
				02D11D0918DF62AC0018DA97 /* Montreal-Heavy.otf in Resources */,
				02D11D0E18DF62AC0018DA97 /* Montreal-MediumIta.otf in Resources */,
				02D11D0818DF62AC0018DA97 /* Montreal-DemiBoldIta.otf in Resources */,
				0207236519F1991800817A02 /* VYBPermissionViewController.xib in Resources */,
				02D11D0618DF62AC0018DA97 /* Montreal-BoldIta.otf in Resources */,
				744101201A64739B00D2F874 /* CheckInViewController.xib in Resources */,
				888F1FE719B2740B00546643 /* ProximaNovaSoft-Bold.otf in Resources */,
			);
			runOnlyForDeploymentPostprocessing = 0;
		};
/* End PBXResourcesBuildPhase section */

/* Begin PBXShellScriptBuildPhase section */
		74F9E6131A3A31D5001AB15B /* ShellScript */ = {
			isa = PBXShellScriptBuildPhase;
			buildActionMask = 2147483647;
			files = (
			);
			inputPaths = (
			);
			outputPaths = (
			);
			runOnlyForDeploymentPostprocessing = 0;
			shellPath = /bin/sh;
			shellScript = "export PATH=/usr/local/bin:$PATH\ncd $PROJECT_DIR/CloudCode\n\nparse symbols \"${DWARF_DSYM_FOLDER_PATH}/${DWARF_DSYM_FILE_NAME}\"";
		};
		9406D95B266A48ABBD29323A /* Copy Pods Resources */ = {
			isa = PBXShellScriptBuildPhase;
			buildActionMask = 2147483647;
			files = (
			);
			inputPaths = (
			);
			name = "Copy Pods Resources";
			outputPaths = (
			);
			runOnlyForDeploymentPostprocessing = 0;
			shellPath = /bin/sh;
			shellScript = "\"${SRCROOT}/Pods/Target Support Files/Pods/Pods-resources.sh\"\n";
			showEnvVarsInLog = 0;
		};
		DD66136B490349718D79F2AF /* Check Pods Manifest.lock */ = {
			isa = PBXShellScriptBuildPhase;
			buildActionMask = 2147483647;
			files = (
			);
			inputPaths = (
			);
			name = "Check Pods Manifest.lock";
			outputPaths = (
			);
			runOnlyForDeploymentPostprocessing = 0;
			shellPath = /bin/sh;
			shellScript = "diff \"${PODS_ROOT}/../Podfile.lock\" \"${PODS_ROOT}/Manifest.lock\" > /dev/null\nif [[ $? != 0 ]] ; then\n    cat << EOM\nerror: The sandbox is not in sync with the Podfile.lock. Run 'pod install' or update your CocoaPods installation.\nEOM\n    exit 1\nfi\n";
			showEnvVarsInLog = 0;
		};
/* End PBXShellScriptBuildPhase section */

/* Begin PBXSourcesBuildPhase section */
		604B627518B495BB00D3EF19 /* Sources */ = {
			isa = PBXSourcesBuildPhase;
			buildActionMask = 2147483647;
			files = (
				020FB84919744EBA005C9BA9 /* VYBCameraView.m in Sources */,
				02A45CF31A1E821300425F9C /* CircleProgressView.swift in Sources */,
				74BF89B71A4A033E00E92FB4 /* WelcomeManager.swift in Sources */,
				022F4A671A0126DE00C20526 /* VYBMapViewController.swift in Sources */,
				0221A0081A02FB1600C5C60E /* Zone.swift in Sources */,
				88FF430519AFFCEB00D18872 /* VYBActivityTableViewController.m in Sources */,
				8861F0D319A81E08000249DB /* NSString+Email.m in Sources */,
				8861F0D019A81C8C000249DB /* NSString+Username.m in Sources */,
				74D0A9811A256A730066AC4E /* SimpleInteractionManager.swift in Sources */,
				74B6CEB61A688D4F001F869D /* ActivityTableViewCell.swift in Sources */,
				74A1F9FF1A929F11001D6F15 /* NSString+TribeName.m in Sources */,
				749256F01A64CCEA00E04F31 /* ProfileViewController.swift in Sources */,
				02F36B2F1986F62800B7D842 /* VYBUser.m in Sources */,
				7430F71E1A94F5D8009D5D26 /* SimpleDismissActionSegue.swift in Sources */,
				74E570F11A41DD0D005072E1 /* NotificationTableViewController.swift in Sources */,
				746FDACB1A42C36A0021360C /* UserPromptsViewController.swift in Sources */,
				74781FC91A66F1AA0076FB3C /* ActivityTableViewController.swift in Sources */,
				74C4EA4E1A81417200124C9D /* ProfileCollectionViewController.swift in Sources */,
				025CC90F19D5229200A1208C /* UIImage+maskImage.m in Sources */,
				7435F5FA1A6DC9B70075E60C /* SimpleTabBarSegue.swift in Sources */,
				029729721A02A1EC0050406D /* SpotFinder.swift in Sources */,
				74349A201A48AA9C006BA83C /* MyVybeStore.swift in Sources */,
				74F095591A7D691E00B3B116 /* PreviewViewController.swift in Sources */,
				027DE0EF19E7484200F5F4C0 /* VYBCaptureRecorder.m in Sources */,
				74C5D9741A22F8B40006695B /* NSMutableArray+VYBVybe.m in Sources */,
				60F1BBB918BAAFA900070EEC /* VYBMyVybeStore.m in Sources */,
				74D6179E1A25BD7500AAD2F0 /* SwipeContainerViewController.swift in Sources */,
				7441011E1A645A3E00D2F874 /* CheckInViewController.swift in Sources */,
				7464831C1A73063500FA4C9F /* HomeViewController.swift in Sources */,
				02A45CEF1A1E664E00425F9C /* PizzaProgressView.swift in Sources */,
				0275087C19252D5C00B070EE /* VYBUtility.m in Sources */,
				025408E419BA10E5009C7C71 /* NSMutableArray+PFObject.m in Sources */,
				74172D001A720FCF00142EC1 /* ActionUtility.swift in Sources */,
				604B628D18B495BB00D3EF19 /* VYBAppDelegate.m in Sources */,
				604B628918B495BB00D3EF19 /* main.m in Sources */,
				88366AAD19F10CB60093B148 /* VYBWelcomeViewController.m in Sources */,
				021B5B6A19A7B49100B906F3 /* AVAsset+VideoOrientation.m in Sources */,
				749256F51A65C82C00E04F31 /* PostTableViewCell.swift in Sources */,
				74DF7AC21A93FA4400650B48 /* TribesViewController.swift in Sources */,
				742C45401A7AF75F0062617E /* AudioManager.swift in Sources */,
				607CA69A18C5C80C0060B420 /* VYBPlayerView.m in Sources */,
				023E538D191F142000C3CF78 /* VYBCache.m in Sources */,
				8887DA0E19F50774007BCC53 /* VYBVybeTableViewCell.m in Sources */,
				74CD7E2D1A8C4A1B009778CC /* SelectTribeViewController.swift in Sources */,
				025DE65B18CB16E30054F739 /* VYBConstants.m in Sources */,
				0226CBAD194A0339005270D3 /* VYBNavigationController.m in Sources */,
				023F0FCE19AA6BFA0055D3B7 /* UIImage+FixOrientation.m in Sources */,
				740AE0551A3292C000CB4487 /* UserAgreementViewController.swift in Sources */,
				025408E119BA0FD7009C7C71 /* NSArray+PFObject.m in Sources */,
				88CA12331A272BB700D4B097 /* LogInViewController.swift in Sources */,
				0266802819F15CB000030836 /* VYBPlayerViewController.m in Sources */,
				74A0FA541A3668FD0065059E /* BlockedUsersTableViewController.swift in Sources */,
				74C4EA4C1A81412E00124C9D /* ProfileListViewController.swift in Sources */,
				884E6D021A26E1EB00E9732F /* SignUpViewController.swift in Sources */,
				88828D9B19344AEB005CB06C /* Reachability.m in Sources */,
				74551C811A3E91FA00D348BB /* ConfigManager.swift in Sources */,
				0288603E19E4A02A007876AE /* VYBCapturePipeline.m in Sources */,
				7435F5F81A6DBAC70075E60C /* SimpleTabBarController.swift in Sources */,
				74D203EE1A5C918F00DBF3B7 /* SimpleTextField.swift in Sources */,
				74F0955D1A80234400B3B116 /* TaggingViewController.swift in Sources */,
				0222946D19FF2CE200A2AD62 /* VYBPizzaLayer.m in Sources */,
				7464831E1A731A0A00FA4C9F /* VybeCardCell.swift in Sources */,
				026216BE19EA470600EC6544 /* VYBVybe.m in Sources */,
				743727ED1A93CDCD00CF7C4B /* SelectTribeTableCell.swift in Sources */,
				74A1F9F81A9114E7001D6F15 /* CreateTribeViewController.swift in Sources */,
				020F1C4B1977054900C3AA40 /* VYBPermissionViewController.m in Sources */,
				74E33E3E1A86ACF000CCAB36 /* ProfileSummaryView.swift in Sources */,
				02512D081A0BEDA800155068 /* ZoneStore.swift in Sources */,
				6061246E18B7862F00B0A14E /* VYBCaptureViewController.m in Sources */,
				743727EF1A93EA3A00CF7C4B /* Vybe.swift in Sources */,
				025CC90C19D51AF400A1208C /* UINavigationBar+fixedSize.m in Sources */,
				748C78FA1A772F89000200C4 /* UIStoryboard+Vybe.m in Sources */,
				0276D13C19590CDF007292B0 /* VYBPageViewController.m in Sources */,
				7408864B1A97EA86008BD390 /* TribeCollectionCell.swift in Sources */,
				7437BAFD1A96FBB600F6D4A7 /* PFImageView+Shield.m in Sources */,
			);
			runOnlyForDeploymentPostprocessing = 0;
		};
/* End PBXSourcesBuildPhase section */

/* Begin PBXVariantGroup section */
		604B628518B495BB00D3EF19 /* InfoPlist.strings */ = {
			isa = PBXVariantGroup;
			children = (
				604B628618B495BB00D3EF19 /* en */,
			);
			name = InfoPlist.strings;
			sourceTree = "<group>";
		};
/* End PBXVariantGroup section */

/* Begin XCBuildConfiguration section */
		604B62A318B495BB00D3EF19 /* Debug */ = {
			isa = XCBuildConfiguration;
			buildSettings = {
				ALWAYS_SEARCH_USER_PATHS = NO;
				CLANG_CXX_LANGUAGE_STANDARD = "gnu++0x";
				CLANG_CXX_LIBRARY = "libc++";
				CLANG_ENABLE_MODULES = YES;
				CLANG_ENABLE_OBJC_ARC = YES;
				CLANG_WARN_BOOL_CONVERSION = YES;
				CLANG_WARN_CONSTANT_CONVERSION = YES;
				CLANG_WARN_DIRECT_OBJC_ISA_USAGE = YES_ERROR;
				CLANG_WARN_EMPTY_BODY = YES;
				CLANG_WARN_ENUM_CONVERSION = YES;
				CLANG_WARN_INT_CONVERSION = YES;
				CLANG_WARN_OBJC_ROOT_CLASS = YES_ERROR;
				CLANG_WARN__DUPLICATE_METHOD_MATCH = YES;
				CODE_SIGN_IDENTITY = "iPhone Developer";
				CODE_SIGN_RESOURCE_RULES_PATH = "$(SDKROOT)/ResourceRules.plist";
				COPY_PHASE_STRIP = NO;
				GCC_C_LANGUAGE_STANDARD = gnu99;
				GCC_DYNAMIC_NO_PIC = NO;
				GCC_OPTIMIZATION_LEVEL = 0;
				GCC_PREPROCESSOR_DEFINITIONS = "";
				GCC_SYMBOLS_PRIVATE_EXTERN = NO;
				GCC_WARN_64_TO_32_BIT_CONVERSION = YES;
				GCC_WARN_ABOUT_RETURN_TYPE = YES_ERROR;
				GCC_WARN_UNDECLARED_SELECTOR = YES;
				GCC_WARN_UNINITIALIZED_AUTOS = YES_AGGRESSIVE;
				GCC_WARN_UNUSED_FUNCTION = YES;
				GCC_WARN_UNUSED_VARIABLE = YES;
				ONLY_ACTIVE_ARCH = YES;
				SDKROOT = iphoneos;
			};
			name = Debug;
		};
		604B62A418B495BB00D3EF19 /* Release */ = {
			isa = XCBuildConfiguration;
			buildSettings = {
				ALWAYS_SEARCH_USER_PATHS = NO;
				CLANG_CXX_LANGUAGE_STANDARD = "gnu++0x";
				CLANG_CXX_LIBRARY = "libc++";
				CLANG_ENABLE_MODULES = YES;
				CLANG_ENABLE_OBJC_ARC = YES;
				CLANG_WARN_BOOL_CONVERSION = YES;
				CLANG_WARN_CONSTANT_CONVERSION = YES;
				CLANG_WARN_DIRECT_OBJC_ISA_USAGE = YES_ERROR;
				CLANG_WARN_EMPTY_BODY = YES;
				CLANG_WARN_ENUM_CONVERSION = YES;
				CLANG_WARN_INT_CONVERSION = YES;
				CLANG_WARN_OBJC_ROOT_CLASS = YES_ERROR;
				CLANG_WARN__DUPLICATE_METHOD_MATCH = YES;
				CODE_SIGN_IDENTITY = "iPhone Developer";
				CODE_SIGN_RESOURCE_RULES_PATH = "$(SDKROOT)/ResourceRules.plist";
				ENABLE_NS_ASSERTIONS = NO;
				GCC_C_LANGUAGE_STANDARD = gnu99;
				GCC_PREPROCESSOR_DEFINITIONS = "$(inherited)";
				GCC_WARN_64_TO_32_BIT_CONVERSION = YES;
				GCC_WARN_ABOUT_RETURN_TYPE = YES_ERROR;
				GCC_WARN_UNDECLARED_SELECTOR = YES;
				GCC_WARN_UNINITIALIZED_AUTOS = YES_AGGRESSIVE;
				GCC_WARN_UNUSED_FUNCTION = YES;
				GCC_WARN_UNUSED_VARIABLE = YES;
				PROVISIONING_PROFILE = "";
				SDKROOT = iphoneos;
				VALIDATE_PRODUCT = YES;
			};
			name = Release;
		};
		604B62A618B495BB00D3EF19 /* Debug */ = {
			isa = XCBuildConfiguration;
			baseConfigurationReference = A8082E04467F02FEB3CA5B7B /* Pods.debug.xcconfig */;
			buildSettings = {
				ASSETCATALOG_COMPILER_APPICON_NAME = AppIcon;
				ASSETCATALOG_COMPILER_LAUNCHIMAGE_NAME = LaunchImage;
				CLANG_ENABLE_MODULES = YES;
				CODE_SIGN_IDENTITY = "iPhone Developer";
				"CODE_SIGN_IDENTITY[sdk=iphoneos*]" = "iPhone Developer";
				EMBEDDED_CONTENT_CONTAINS_SWIFT = YES;
				GCC_PRECOMPILE_PREFIX_HEADER = YES;
				GCC_PREFIX_HEADER = "VybeTen/Vybe-Prefix.pch";
				GCC_PREPROCESSOR_DEFINITIONS = (
					"$(inherited)",
					"COCOAPODS=1",
					"$(inherited)",
					"BITHOCKEY_VERSION=\"@\\\"3.6.2\\\"\"",
					"BITHOCKEY_C_VERSION=\"\\\"3.6.2\\\"\"",
					"BITHOCKEY_BUILD=\"@\\\"35\\\"\"",
					"BITHOCKEY_C_BUILD=\"\\\"35\\\"\"",
					"DEBUG=1",
				);
				INFOPLIST_FILE = "VybeTen/Vybe-Info.plist";
				IPHONEOS_DEPLOYMENT_TARGET = 8.0;
				LD_RUNPATH_SEARCH_PATHS = "$(inherited) @executable_path/Frameworks";
				PRODUCT_NAME = Vybe;
				PROVISIONING_PROFILE = "";
				SWIFT_OBJC_BRIDGING_HEADER = "VybeTen/Vybe-Bridging-Header.h";
				SWIFT_OPTIMIZATION_LEVEL = "-Onone";
			};
			name = Debug;
		};
		604B62A718B495BB00D3EF19 /* Release */ = {
			isa = XCBuildConfiguration;
			baseConfigurationReference = DF76CB51AFE702471B251F50 /* Pods.release.xcconfig */;
			buildSettings = {
				ASSETCATALOG_COMPILER_APPICON_NAME = AppIcon;
				ASSETCATALOG_COMPILER_LAUNCHIMAGE_NAME = LaunchImage;
				CLANG_ENABLE_MODULES = YES;
				CODE_SIGN_IDENTITY = "iPhone Developer";
				"CODE_SIGN_IDENTITY[sdk=iphoneos*]" = "iPhone Developer";
				EMBEDDED_CONTENT_CONTAINS_SWIFT = YES;
				GCC_PRECOMPILE_PREFIX_HEADER = YES;
				GCC_PREFIX_HEADER = "VybeTen/Vybe-Prefix.pch";
				INFOPLIST_FILE = "VybeTen/Vybe-Info.plist";
				IPHONEOS_DEPLOYMENT_TARGET = 8.0;
				LD_RUNPATH_SEARCH_PATHS = "$(inherited) @executable_path/Frameworks";
				PRODUCT_NAME = Vybe;
				PROVISIONING_PROFILE = "";
				SWIFT_OBJC_BRIDGING_HEADER = "VybeTen/Vybe-Bridging-Header.h";
			};
			name = Release;
		};
/* End XCBuildConfiguration section */

/* Begin XCConfigurationList section */
		604B627418B495BB00D3EF19 /* Build configuration list for PBXProject "Vybe" */ = {
			isa = XCConfigurationList;
			buildConfigurations = (
				604B62A318B495BB00D3EF19 /* Debug */,
				604B62A418B495BB00D3EF19 /* Release */,
			);
			defaultConfigurationIsVisible = 0;
			defaultConfigurationName = Release;
		};
		604B62A518B495BB00D3EF19 /* Build configuration list for PBXNativeTarget "Vybe" */ = {
			isa = XCConfigurationList;
			buildConfigurations = (
				604B62A618B495BB00D3EF19 /* Debug */,
				604B62A718B495BB00D3EF19 /* Release */,
			);
			defaultConfigurationIsVisible = 0;
			defaultConfigurationName = Release;
		};
/* End XCConfigurationList section */
	};
	rootObject = 604B627118B495BB00D3EF19 /* Project object */;
}
